// !$*UTF8*$!
{
	archiveVersion = 1;
	classes = {
	};
	objectVersion = 56;
	objects = {

/* Begin PBXBuildFile section */
		FF0413592A62B31700BE65F1 /* BrowseDiscoverViewController.swift in Sources */ = {isa = PBXBuildFile; fileRef = FF0413582A62B31700BE65F1 /* BrowseDiscoverViewController.swift */; };
		FF04135B2A62B32200BE65F1 /* BrowseScrapViewController.swift in Sources */ = {isa = PBXBuildFile; fileRef = FF04135A2A62B32200BE65F1 /* BrowseScrapViewController.swift */; };
		FF04135D2A62F28200BE65F1 /* BrowseDiscoverCollectionViewCell.swift in Sources */ = {isa = PBXBuildFile; fileRef = FF04135C2A62F28200BE65F1 /* BrowseDiscoverCollectionViewCell.swift */; };
		FF0FA60F2A6D862300482841 /* BrowseScrapCollectionViewCell.swift in Sources */ = {isa = PBXBuildFile; fileRef = FF0FA60E2A6D862300482841 /* BrowseScrapCollectionViewCell.swift */; };
		FF0FA6112A6D87FA00482841 /* BrowseDesignerScrapEntity.swift in Sources */ = {isa = PBXBuildFile; fileRef = FF0FA6102A6D87FA00482841 /* BrowseDesignerScrapEntity.swift */; };
		FF0FA6132A6D976900482841 /* PortfolioSearchEntity.swift in Sources */ = {isa = PBXBuildFile; fileRef = FF0FA6122A6D976900482841 /* PortfolioSearchEntity.swift */; };
		FF0FA6152A6D9E1F00482841 /* FilterViewController.swift in Sources */ = {isa = PBXBuildFile; fileRef = FF0FA6142A6D9E1F00482841 /* FilterViewController.swift */; };
		FFA706E32A4F302F003DF6A0 /* PagingHeaderCell.swift in Sources */ = {isa = PBXBuildFile; fileRef = FFA706E22A4F302F003DF6A0 /* PagingHeaderCell.swift */; };
		FFA706E62A4F318F003DF6A0 /* RxSwiftExt in Frameworks */ = {isa = PBXBuildFile; productRef = FFA706E52A4F318F003DF6A0 /* RxSwiftExt */; };
		FFA706E82A4F363B003DF6A0 /* PagingTabHeaderView.swift in Sources */ = {isa = PBXBuildFile; fileRef = FFA706E72A4F363B003DF6A0 /* PagingTabHeaderView.swift */; };
		FFA706EA2A4F39E4003DF6A0 /* MagazineViewController.swift in Sources */ = {isa = PBXBuildFile; fileRef = FFA706E92A4F39E4003DF6A0 /* MagazineViewController.swift */; };
		FFA706EC2A4F39EB003DF6A0 /* BrowseViewController.swift in Sources */ = {isa = PBXBuildFile; fileRef = FFA706EB2A4F39EB003DF6A0 /* BrowseViewController.swift */; };
		FFA706EE2A4F39F3003DF6A0 /* MyViewController.swift in Sources */ = {isa = PBXBuildFile; fileRef = FFA706ED2A4F39F3003DF6A0 /* MyViewController.swift */; };
		FFA706F22A5271E9003DF6A0 /* Colorsets.xcassets in Resources */ = {isa = PBXBuildFile; fileRef = FFA706F12A5271E9003DF6A0 /* Colorsets.xcassets */; };
		FFA706F52A5274A1003DF6A0 /* GamActivityIndicatorView.swift in Sources */ = {isa = PBXBuildFile; fileRef = FFA706F42A5274A1003DF6A0 /* GamActivityIndicatorView.swift */; };
		FFA706F82A528130003DF6A0 /* SignUpUsernameViewController.swift in Sources */ = {isa = PBXBuildFile; fileRef = FFA706F72A528130003DF6A0 /* SignUpUsernameViewController.swift */; };
		FFA706FB2A52827E003DF6A0 /* GamProgressBarView.swift in Sources */ = {isa = PBXBuildFile; fileRef = FFA706FA2A52827E003DF6A0 /* GamProgressBarView.swift */; };
		FFA706FE2A528830003DF6A0 /* SignUpTextField.swift in Sources */ = {isa = PBXBuildFile; fileRef = FFA706FD2A528830003DF6A0 /* SignUpTextField.swift */; };
		FFA707012A532B5B003DF6A0 /* GamFullButton.swift in Sources */ = {isa = PBXBuildFile; fileRef = FFA707002A532B5B003DF6A0 /* GamFullButton.swift */; };
		FFA707032A5712C0003DF6A0 /* SignUpTagViewController.swift in Sources */ = {isa = PBXBuildFile; fileRef = FFA707022A5712C0003DF6A0 /* SignUpTagViewController.swift */; };
		FFA707072A57186C003DF6A0 /* SignUpInfo.swift in Sources */ = {isa = PBXBuildFile; fileRef = FFA707062A57186C003DF6A0 /* SignUpInfo.swift */; };
		FFA7070A2A572E63003DF6A0 /* GamNavigationView.swift in Sources */ = {isa = PBXBuildFile; fileRef = FFA707092A572E63003DF6A0 /* GamNavigationView.swift */; };
		FFA7070C2A584FC3003DF6A0 /* Tag.swift in Sources */ = {isa = PBXBuildFile; fileRef = FFA7070B2A584FC3003DF6A0 /* Tag.swift */; };
		FFA7070F2A585194003DF6A0 /* TagCollectionView.swift in Sources */ = {isa = PBXBuildFile; fileRef = FFA7070E2A585194003DF6A0 /* TagCollectionView.swift */; };
		FFA707122A5852C1003DF6A0 /* LeftAlignedCollectionViewFlowLayout.swift in Sources */ = {isa = PBXBuildFile; fileRef = FFA707112A5852C1003DF6A0 /* LeftAlignedCollectionViewFlowLayout.swift */; };
		FFA707152A58533F003DF6A0 /* TagCollectionViewCell.swift in Sources */ = {isa = PBXBuildFile; fileRef = FFA707142A58533F003DF6A0 /* TagCollectionViewCell.swift */; };
		FFA707172A585BCD003DF6A0 /* SignUpInfoViewController.swift in Sources */ = {isa = PBXBuildFile; fileRef = FFA707162A585BCD003DF6A0 /* SignUpInfoViewController.swift */; };
		FFA707192A59A390003DF6A0 /* Adjusted+.swift in Sources */ = {isa = PBXBuildFile; fileRef = FFA707182A59A390003DF6A0 /* Adjusted+.swift */; };
		FFA7071C2A59A94E003DF6A0 /* KakaoSDKAuth in Frameworks */ = {isa = PBXBuildFile; productRef = FFA7071B2A59A94E003DF6A0 /* KakaoSDKAuth */; };
		FFA7071E2A59A94E003DF6A0 /* KakaoSDKCommon in Frameworks */ = {isa = PBXBuildFile; productRef = FFA7071D2A59A94E003DF6A0 /* KakaoSDKCommon */; };
		FFA707202A59A94E003DF6A0 /* KakaoSDKUser in Frameworks */ = {isa = PBXBuildFile; productRef = FFA7071F2A59A94E003DF6A0 /* KakaoSDKUser */; };
		FFA94CB82A4EF8CD009B034F /* AppDelegate.swift in Sources */ = {isa = PBXBuildFile; fileRef = FFA94CB72A4EF8CD009B034F /* AppDelegate.swift */; };
		FFA94CBA2A4EF8CD009B034F /* SceneDelegate.swift in Sources */ = {isa = PBXBuildFile; fileRef = FFA94CB92A4EF8CD009B034F /* SceneDelegate.swift */; };
		FFA94CC12A4EF8CE009B034F /* Assets.xcassets in Resources */ = {isa = PBXBuildFile; fileRef = FFA94CC02A4EF8CE009B034F /* Assets.xcassets */; };
		FFA94CC42A4EF8CE009B034F /* LaunchScreen.storyboard in Resources */ = {isa = PBXBuildFile; fileRef = FFA94CC22A4EF8CE009B034F /* LaunchScreen.storyboard */; };
		FFA94CCC2A4EFAE5009B034F /* HomeViewController.swift in Sources */ = {isa = PBXBuildFile; fileRef = FFA94CCB2A4EFAE5009B034F /* HomeViewController.swift */; };
		FFA94CD02A4F0881009B034F /* SendUpdateDelegate.swift in Sources */ = {isa = PBXBuildFile; fileRef = FFA94CCF2A4F0881009B034F /* SendUpdateDelegate.swift */; };
		FFA94CD32A4F08D4009B034F /* ClassName.swift in Sources */ = {isa = PBXBuildFile; fileRef = FFA94CD22A4F08D4009B034F /* ClassName.swift */; };
		FFA94CD52A4F08EE009B034F /* Message.swift in Sources */ = {isa = PBXBuildFile; fileRef = FFA94CD42A4F08EE009B034F /* Message.swift */; };
		FFA94CD72A4F0902009B034F /* UserDefaultsManager.swift in Sources */ = {isa = PBXBuildFile; fileRef = FFA94CD62A4F0902009B034F /* UserDefaultsManager.swift */; };
		FFA94CDA2A4F092E009B034F /* BaseViewController.swift in Sources */ = {isa = PBXBuildFile; fileRef = FFA94CD92A4F092E009B034F /* BaseViewController.swift */; };
		FFA94CDC2A4F0966009B034F /* BaseNavigationController.swift in Sources */ = {isa = PBXBuildFile; fileRef = FFA94CDB2A4F0966009B034F /* BaseNavigationController.swift */; };
		FFA94CDF2A4F099C009B034F /* UIColor+.swift in Sources */ = {isa = PBXBuildFile; fileRef = FFA94CDE2A4F099C009B034F /* UIColor+.swift */; };
		FFA94CE12A4F09B0009B034F /* UIFont+.swift in Sources */ = {isa = PBXBuildFile; fileRef = FFA94CE02A4F09B0009B034F /* UIFont+.swift */; };
		FFA94CE52A4F182D009B034F /* UIViewController+.swift in Sources */ = {isa = PBXBuildFile; fileRef = FFA94CE42A4F182D009B034F /* UIViewController+.swift */; };
		FFA94CE72A4F1845009B034F /* UILabel+.swift in Sources */ = {isa = PBXBuildFile; fileRef = FFA94CE62A4F1845009B034F /* UILabel+.swift */; };
		FFA94CE92A4F1A94009B034F /* UICollectionView+.swift in Sources */ = {isa = PBXBuildFile; fileRef = FFA94CE82A4F1A94009B034F /* UICollectionView+.swift */; };
		FFA94CEB2A4F1AA4009B034F /* UITableView+.swift in Sources */ = {isa = PBXBuildFile; fileRef = FFA94CEA2A4F1AA4009B034F /* UITableView+.swift */; };
		FFA94CEF2A4F1ABD009B034F /* UITextField+.swift in Sources */ = {isa = PBXBuildFile; fileRef = FFA94CEE2A4F1ABD009B034F /* UITextField+.swift */; };
		FFA94CF12A4F1ACA009B034F /* UIView+.swift in Sources */ = {isa = PBXBuildFile; fileRef = FFA94CF02A4F1ACA009B034F /* UIView+.swift */; };
		FFA94CF32A4F1AD6009B034F /* UIButton+.swift in Sources */ = {isa = PBXBuildFile; fileRef = FFA94CF22A4F1AD6009B034F /* UIButton+.swift */; };
		FFA94CF52A4F1AE2009B034F /* String+.swift in Sources */ = {isa = PBXBuildFile; fileRef = FFA94CF42A4F1AE2009B034F /* String+.swift */; };
		FFA94CF72A4F1AFD009B034F /* UserDefaults+.swift in Sources */ = {isa = PBXBuildFile; fileRef = FFA94CF62A4F1AFD009B034F /* UserDefaults+.swift */; };
		FFA94CF92A4F1B26009B034F /* UIStackView+.swift in Sources */ = {isa = PBXBuildFile; fileRef = FFA94CF82A4F1B26009B034F /* UIStackView+.swift */; };
		FFA94CFB2A4F1B3B009B034F /* UIImageView+.swift in Sources */ = {isa = PBXBuildFile; fileRef = FFA94CFA2A4F1B3B009B034F /* UIImageView+.swift */; };
		FFA94CFD2A4F1B49009B034F /* Notification+Name+.swift in Sources */ = {isa = PBXBuildFile; fileRef = FFA94CFC2A4F1B49009B034F /* Notification+Name+.swift */; };
		FFA94CFF2A4F1B53009B034F /* UIImage+.swift in Sources */ = {isa = PBXBuildFile; fileRef = FFA94CFE2A4F1B53009B034F /* UIImage+.swift */; };
		FFA94D012A4F1B61009B034F /* UINavigationController+.swift in Sources */ = {isa = PBXBuildFile; fileRef = FFA94D002A4F1B61009B034F /* UINavigationController+.swift */; };
		FFA94D032A4F1B6C009B034F /* UITabBar+.swift in Sources */ = {isa = PBXBuildFile; fileRef = FFA94D022A4F1B6C009B034F /* UITabBar+.swift */; };
		FFA94D052A4F1B77009B034F /* CALayer+.swift in Sources */ = {isa = PBXBuildFile; fileRef = FFA94D042A4F1B77009B034F /* CALayer+.swift */; };
		FFA94D082A4F1BAC009B034F /* UserInfo.swift in Sources */ = {isa = PBXBuildFile; fileRef = FFA94D072A4F1BAC009B034F /* UserInfo.swift */; };
		FFA94D0A2A4F1BC4009B034F /* ImageCacheManager.swift in Sources */ = {isa = PBXBuildFile; fileRef = FFA94D092A4F1BC4009B034F /* ImageCacheManager.swift */; };
		FFA94D112A4F1C2F009B034F /* Pretendard-Medium.ttf in Resources */ = {isa = PBXBuildFile; fileRef = FFA94D0D2A4F1C2F009B034F /* Pretendard-Medium.ttf */; };
		FFA94D122A4F1C2F009B034F /* Pretendard-SemiBold.ttf in Resources */ = {isa = PBXBuildFile; fileRef = FFA94D0E2A4F1C2F009B034F /* Pretendard-SemiBold.ttf */; };
		FFA94D132A4F1C2F009B034F /* Pretendard-Bold.ttf in Resources */ = {isa = PBXBuildFile; fileRef = FFA94D0F2A4F1C2F009B034F /* Pretendard-Bold.ttf */; };
		FFA94D142A4F1C2F009B034F /* Pretendard-Regular.ttf in Resources */ = {isa = PBXBuildFile; fileRef = FFA94D102A4F1C2F009B034F /* Pretendard-Regular.ttf */; };
		FFA94D1A2A4F1D2D009B034F /* APIConstants.swift in Sources */ = {isa = PBXBuildFile; fileRef = FFA94D192A4F1D2D009B034F /* APIConstants.swift */; };
		FFA94D1C2A4F1D3B009B034F /* NetworkResult.swift in Sources */ = {isa = PBXBuildFile; fileRef = FFA94D1B2A4F1D3B009B034F /* NetworkResult.swift */; };
		FFA94D1E2A4F1D4C009B034F /* BaseAPI.swift in Sources */ = {isa = PBXBuildFile; fileRef = FFA94D1D2A4F1D4C009B034F /* BaseAPI.swift */; };
		FFA94D212A4F1D70009B034F /* BaseResponseType.swift in Sources */ = {isa = PBXBuildFile; fileRef = FFA94D202A4F1D70009B034F /* BaseResponseType.swift */; };
		FFA94D232A4F1D84009B034F /* NetworkLoggerPlugin.swift in Sources */ = {isa = PBXBuildFile; fileRef = FFA94D222A4F1D84009B034F /* NetworkLoggerPlugin.swift */; };
		FFA94D272A4F1E4A009B034F /* GamTabBarController.swift in Sources */ = {isa = PBXBuildFile; fileRef = FFA94D262A4F1E4A009B034F /* GamTabBarController.swift */; };
		FFA94D2C2A4F1E93009B034F /* SignInViewController.swift in Sources */ = {isa = PBXBuildFile; fileRef = FFA94D2B2A4F1E93009B034F /* SignInViewController.swift */; };
		FFA94D322A4F1FCE009B034F /* SnapKit in Frameworks */ = {isa = PBXBuildFile; productRef = FFA94D312A4F1FCE009B034F /* SnapKit */; };
		FFA94D352A4F1FF5009B034F /* RxCocoa in Frameworks */ = {isa = PBXBuildFile; productRef = FFA94D342A4F1FF5009B034F /* RxCocoa */; };
		FFA94D372A4F1FF5009B034F /* RxSwift in Frameworks */ = {isa = PBXBuildFile; productRef = FFA94D362A4F1FF5009B034F /* RxSwift */; };
		FFA94D3A2A4F2167009B034F /* Moya in Frameworks */ = {isa = PBXBuildFile; productRef = FFA94D392A4F2167009B034F /* Moya */; };
		FFC7337C2A6FA8E5008B5054 /* GamSingleLineLabel.swift in Sources */ = {isa = PBXBuildFile; fileRef = FFC7337B2A6FA8E5008B5054 /* GamSingleLineLabel.swift */; };
		FFC7337E2A6FB90A008B5054 /* SelectedFilterTagView.swift in Sources */ = {isa = PBXBuildFile; fileRef = FFC7337D2A6FB90A008B5054 /* SelectedFilterTagView.swift */; };
		FFC733812A710B6D008B5054 /* UserViewController.swift in Sources */ = {isa = PBXBuildFile; fileRef = FFC733802A710B6C008B5054 /* UserViewController.swift */; };
		FFC733832A71120B008B5054 /* MoreDefaultButton.swift in Sources */ = {isa = PBXBuildFile; fileRef = FFC733822A71120B008B5054 /* MoreDefaultButton.swift */; };
		FFC733852A711472008B5054 /* UserPortfolioViewController.swift in Sources */ = {isa = PBXBuildFile; fileRef = FFC733842A711472008B5054 /* UserPortfolioViewController.swift */; };
		FFC733872A71147A008B5054 /* UserProfileViewController.swift in Sources */ = {isa = PBXBuildFile; fileRef = FFC733862A71147A008B5054 /* UserProfileViewController.swift */; };
		FFC733892A716845008B5054 /* UserPortfolioEntity.swift in Sources */ = {isa = PBXBuildFile; fileRef = FFC733882A716845008B5054 /* UserPortfolioEntity.swift */; };
		FFC7338B2A7170F5008B5054 /* WorkEntity.swift in Sources */ = {isa = PBXBuildFile; fileRef = FFC7338A2A7170F5008B5054 /* WorkEntity.swift */; };
		FFC7338D2A7171A3008B5054 /* UserProfileEntity.swift in Sources */ = {isa = PBXBuildFile; fileRef = FFC7338C2A7171A3008B5054 /* UserProfileEntity.swift */; };
		FFC7338F2A717A64008B5054 /* PortfolioTableViewCell.swift in Sources */ = {isa = PBXBuildFile; fileRef = FFC7338E2A717A64008B5054 /* PortfolioTableViewCell.swift */; };
		FFC733912A717C81008B5054 /* RepView.swift in Sources */ = {isa = PBXBuildFile; fileRef = FFC733902A717C81008B5054 /* RepView.swift */; };
		FFC733932A76AAD0008B5054 /* PortfolioTableFooterView.swift in Sources */ = {isa = PBXBuildFile; fileRef = FFC733922A76AAD0008B5054 /* PortfolioTableFooterView.swift */; };
		FFC733952A78EA8A008B5054 /* ProfileInfoView.swift in Sources */ = {isa = PBXBuildFile; fileRef = FFC733942A78EA8A008B5054 /* ProfileInfoView.swift */; };
		FFC733972A78FE90008B5054 /* UnselectableTagCollectionViewCell.swift in Sources */ = {isa = PBXBuildFile; fileRef = FFC733962A78FE90008B5054 /* UnselectableTagCollectionViewCell.swift */; };
		FFC733992A79002E008B5054 /* GamContactButton.swift in Sources */ = {isa = PBXBuildFile; fileRef = FFC733982A79002E008B5054 /* GamContactButton.swift */; };
		FFCDF84A2A5A4A2500C731A3 /* Debug.xcconfig in Resources */ = {isa = PBXBuildFile; fileRef = FFCDF8472A5A4A2500C731A3 /* Debug.xcconfig */; };
		FFCDF84B2A5A4A2500C731A3 /* Release.xcconfig in Resources */ = {isa = PBXBuildFile; fileRef = FFCDF8482A5A4A2500C731A3 /* Release.xcconfig */; };
		FFCDF84C2A5A4A2500C731A3 /* Shared.xcconfig in Resources */ = {isa = PBXBuildFile; fileRef = FFCDF8492A5A4A2500C731A3 /* Shared.xcconfig */; };
		FFCDF84E2A5A4AB300C731A3 /* Environment.swift in Sources */ = {isa = PBXBuildFile; fileRef = FFCDF84D2A5A4AB300C731A3 /* Environment.swift */; };
		FFCDF8512A5A78CC00C731A3 /* MagazineTableView.swift in Sources */ = {isa = PBXBuildFile; fileRef = FFCDF8502A5A78CC00C731A3 /* MagazineTableView.swift */; };
		FFCDF8542A5A7BEE00C731A3 /* Headline1Label.swift in Sources */ = {isa = PBXBuildFile; fileRef = FFCDF8532A5A7BEE00C731A3 /* Headline1Label.swift */; };
		FFCDF8572A5A7E9800C731A3 /* MagazineTableViewCell.swift in Sources */ = {isa = PBXBuildFile; fileRef = FFCDF8562A5A7E9800C731A3 /* MagazineTableViewCell.swift */; };
		FFCDF8592A5A817700C731A3 /* ScrapButton.swift in Sources */ = {isa = PBXBuildFile; fileRef = FFCDF8582A5A817700C731A3 /* ScrapButton.swift */; };
		FFCDF85C2A5A89D000C731A3 /* MagazineEntity.swift in Sources */ = {isa = PBXBuildFile; fileRef = FFCDF85B2A5A89D000C731A3 /* MagazineEntity.swift */; };
		FFCDF85E2A5A89D900C731A3 /* TagEntity.swift in Sources */ = {isa = PBXBuildFile; fileRef = FFCDF85D2A5A89D900C731A3 /* TagEntity.swift */; };
		FFCDF8602A5A98BD00C731A3 /* PopularDesignerEntity.swift in Sources */ = {isa = PBXBuildFile; fileRef = FFCDF85F2A5A98BD00C731A3 /* PopularDesignerEntity.swift */; };
		FFCDF8622A5A9EE500C731A3 /* PopularDesignerCollectionViewCell.swift in Sources */ = {isa = PBXBuildFile; fileRef = FFCDF8612A5A9EE500C731A3 /* PopularDesignerCollectionViewCell.swift */; };
		FFCDF8642A5AB9FE00C731A3 /* MagazineDetailViewController.swift in Sources */ = {isa = PBXBuildFile; fileRef = FFCDF8632A5AB9FE00C731A3 /* MagazineDetailViewController.swift */; };
		FFCDF8662A5ABBEA00C731A3 /* ShareButton.swift in Sources */ = {isa = PBXBuildFile; fileRef = FFCDF8652A5ABBEA00C731A3 /* ShareButton.swift */; };
		FFCDF8682A5AF37D00C731A3 /* SearchButton.swift in Sources */ = {isa = PBXBuildFile; fileRef = FFCDF8672A5AF37D00C731A3 /* SearchButton.swift */; };
		FFCDF86A2A5AF84D00C731A3 /* MagazineDiscoverViewController.swift in Sources */ = {isa = PBXBuildFile; fileRef = FFCDF8692A5AF84D00C731A3 /* MagazineDiscoverViewController.swift */; };
		FFCDF86C2A5AFB4300C731A3 /* RecentMagazineTableHeaderView.swift in Sources */ = {isa = PBXBuildFile; fileRef = FFCDF86B2A5AFB4300C731A3 /* RecentMagazineTableHeaderView.swift */; };
		FFCDF86F2A5B0C4D00C731A3 /* AllMagazineTableHeaderView.swift in Sources */ = {isa = PBXBuildFile; fileRef = FFCDF86E2A5B0C4D00C731A3 /* AllMagazineTableHeaderView.swift */; };
		FFCDF8712A5B198200C731A3 /* MagazineScrapViewController.swift in Sources */ = {isa = PBXBuildFile; fileRef = FFCDF8702A5B198200C731A3 /* MagazineScrapViewController.swift */; };
		FFCDF8732A5B1ABF00C731A3 /* MagazineScrapTableHeaderView.swift in Sources */ = {isa = PBXBuildFile; fileRef = FFCDF8722A5B1ABF00C731A3 /* MagazineScrapTableHeaderView.swift */; };
		FFCDF8762A5B1E2F00C731A3 /* SearchViewController.swift in Sources */ = {isa = PBXBuildFile; fileRef = FFCDF8752A5B1E2F00C731A3 /* SearchViewController.swift */; };
		FFCDF8782A5BC0FD00C731A3 /* GamSearchTextField.swift in Sources */ = {isa = PBXBuildFile; fileRef = FFCDF8772A5BC0FD00C731A3 /* GamSearchTextField.swift */; };
		FFCDF87A2A5BE49600C731A3 /* RecentSearchEntity.swift in Sources */ = {isa = PBXBuildFile; fileRef = FFCDF8792A5BE49600C731A3 /* RecentSearchEntity.swift */; };
		FFCDF87C2A5BE56600C731A3 /* RecentSearchTableViewCell.swift in Sources */ = {isa = PBXBuildFile; fileRef = FFCDF87B2A5BE56600C731A3 /* RecentSearchTableViewCell.swift */; };
		FFCDF87E2A5C117900C731A3 /* NoScrapMagazineTableViewCell.swift in Sources */ = {isa = PBXBuildFile; fileRef = FFCDF87D2A5C117900C731A3 /* NoScrapMagazineTableViewCell.swift */; };
		FFCDF8802A5C1B5800C731A3 /* RecentSearchTapGestureRecognizer.swift in Sources */ = {isa = PBXBuildFile; fileRef = FFCDF87F2A5C1B5800C731A3 /* RecentSearchTapGestureRecognizer.swift */; };
		FFCDF8822A60E55D00C731A3 /* FilterButton.swift in Sources */ = {isa = PBXBuildFile; fileRef = FFCDF8812A60E55D00C731A3 /* FilterButton.swift */; };
		FFD9DAF72A79668E0085B965 /* ToastMessageType.swift in Sources */ = {isa = PBXBuildFile; fileRef = FFD9DAF62A79668E0085B965 /* ToastMessageType.swift */; };
		FFD9DAF92A7A57430085B965 /* SettingButton.swift in Sources */ = {isa = PBXBuildFile; fileRef = FFD9DAF82A7A57430085B965 /* SettingButton.swift */; };
		FFD9DAFB2A7A58C10085B965 /* MyPortfolioViewController.swift in Sources */ = {isa = PBXBuildFile; fileRef = FFD9DAFA2A7A58C10085B965 /* MyPortfolioViewController.swift */; };
		FFD9DAFD2A7A58CA0085B965 /* MyProfileController.swift in Sources */ = {isa = PBXBuildFile; fileRef = FFD9DAFC2A7A58CA0085B965 /* MyProfileController.swift */; };
		FFD9DAFF2A7A5DA50085B965 /* MyPortfolioTableViewCell.swift in Sources */ = {isa = PBXBuildFile; fileRef = FFD9DAFE2A7A5DA50085B965 /* MyPortfolioTableViewCell.swift */; };
		FFD9DB012A7A64BF0085B965 /* AddPortfolioTableViewCell.swift in Sources */ = {isa = PBXBuildFile; fileRef = FFD9DB002A7A64BF0085B965 /* AddPortfolioTableViewCell.swift */; };
		FFD9DB032A7A6A600085B965 /* GamEmptyView.swift in Sources */ = {isa = PBXBuildFile; fileRef = FFD9DB022A7A6A600085B965 /* GamEmptyView.swift */; };
		FFD9DB052A7A6C420085B965 /* GamRoundedButton.swift in Sources */ = {isa = PBXBuildFile; fileRef = FFD9DB042A7A6C420085B965 /* GamRoundedButton.swift */; };
		FFD9DB072A7A8ED80085B965 /* AddContactURLViewController.swift in Sources */ = {isa = PBXBuildFile; fileRef = FFD9DB062A7A8ED80085B965 /* AddContactURLViewController.swift */; };
		FFD9DB092A7A91120085B965 /* GamTextField.swift in Sources */ = {isa = PBXBuildFile; fileRef = FFD9DB082A7A91120085B965 /* GamTextField.swift */; };
		FFD9DB0B2A7A9D550085B965 /* ContactURLType.swift in Sources */ = {isa = PBXBuildFile; fileRef = FFD9DB0A2A7A9D550085B965 /* ContactURLType.swift */; };
		FFF605C22A657CC400A1EEC6 /* BrowseDesignerEntity.swift in Sources */ = {isa = PBXBuildFile; fileRef = FFF605C12A657CC400A1EEC6 /* BrowseDesignerEntity.swift */; };
		FFF605C82A65809B00A1EEC6 /* BrowseScrapCollectionHeaderView.swift in Sources */ = {isa = PBXBuildFile; fileRef = FFF605C72A65809B00A1EEC6 /* BrowseScrapCollectionHeaderView.swift */; };
/* End PBXBuildFile section */

/* Begin PBXFileReference section */
		FF0413582A62B31700BE65F1 /* BrowseDiscoverViewController.swift */ = {isa = PBXFileReference; lastKnownFileType = sourcecode.swift; path = BrowseDiscoverViewController.swift; sourceTree = "<group>"; };
		FF04135A2A62B32200BE65F1 /* BrowseScrapViewController.swift */ = {isa = PBXFileReference; lastKnownFileType = sourcecode.swift; path = BrowseScrapViewController.swift; sourceTree = "<group>"; };
		FF04135C2A62F28200BE65F1 /* BrowseDiscoverCollectionViewCell.swift */ = {isa = PBXFileReference; lastKnownFileType = sourcecode.swift; path = BrowseDiscoverCollectionViewCell.swift; sourceTree = "<group>"; };
		FF0FA60E2A6D862300482841 /* BrowseScrapCollectionViewCell.swift */ = {isa = PBXFileReference; lastKnownFileType = sourcecode.swift; path = BrowseScrapCollectionViewCell.swift; sourceTree = "<group>"; };
		FF0FA6102A6D87FA00482841 /* BrowseDesignerScrapEntity.swift */ = {isa = PBXFileReference; lastKnownFileType = sourcecode.swift; path = BrowseDesignerScrapEntity.swift; sourceTree = "<group>"; };
		FF0FA6122A6D976900482841 /* PortfolioSearchEntity.swift */ = {isa = PBXFileReference; lastKnownFileType = sourcecode.swift; path = PortfolioSearchEntity.swift; sourceTree = "<group>"; };
		FF0FA6142A6D9E1F00482841 /* FilterViewController.swift */ = {isa = PBXFileReference; lastKnownFileType = sourcecode.swift; path = FilterViewController.swift; sourceTree = "<group>"; };
		FFA706E22A4F302F003DF6A0 /* PagingHeaderCell.swift */ = {isa = PBXFileReference; lastKnownFileType = sourcecode.swift; path = PagingHeaderCell.swift; sourceTree = "<group>"; };
		FFA706E72A4F363B003DF6A0 /* PagingTabHeaderView.swift */ = {isa = PBXFileReference; lastKnownFileType = sourcecode.swift; path = PagingTabHeaderView.swift; sourceTree = "<group>"; };
		FFA706E92A4F39E4003DF6A0 /* MagazineViewController.swift */ = {isa = PBXFileReference; lastKnownFileType = sourcecode.swift; path = MagazineViewController.swift; sourceTree = "<group>"; };
		FFA706EB2A4F39EB003DF6A0 /* BrowseViewController.swift */ = {isa = PBXFileReference; lastKnownFileType = sourcecode.swift; path = BrowseViewController.swift; sourceTree = "<group>"; };
		FFA706ED2A4F39F3003DF6A0 /* MyViewController.swift */ = {isa = PBXFileReference; lastKnownFileType = sourcecode.swift; path = MyViewController.swift; sourceTree = "<group>"; };
		FFA706F12A5271E9003DF6A0 /* Colorsets.xcassets */ = {isa = PBXFileReference; lastKnownFileType = folder.assetcatalog; path = Colorsets.xcassets; sourceTree = "<group>"; };
		FFA706F42A5274A1003DF6A0 /* GamActivityIndicatorView.swift */ = {isa = PBXFileReference; lastKnownFileType = sourcecode.swift; path = GamActivityIndicatorView.swift; sourceTree = "<group>"; };
		FFA706F72A528130003DF6A0 /* SignUpUsernameViewController.swift */ = {isa = PBXFileReference; lastKnownFileType = sourcecode.swift; path = SignUpUsernameViewController.swift; sourceTree = "<group>"; };
		FFA706FA2A52827E003DF6A0 /* GamProgressBarView.swift */ = {isa = PBXFileReference; lastKnownFileType = sourcecode.swift; path = GamProgressBarView.swift; sourceTree = "<group>"; };
		FFA706FD2A528830003DF6A0 /* SignUpTextField.swift */ = {isa = PBXFileReference; lastKnownFileType = sourcecode.swift; path = SignUpTextField.swift; sourceTree = "<group>"; };
		FFA707002A532B5B003DF6A0 /* GamFullButton.swift */ = {isa = PBXFileReference; lastKnownFileType = sourcecode.swift; path = GamFullButton.swift; sourceTree = "<group>"; };
		FFA707022A5712C0003DF6A0 /* SignUpTagViewController.swift */ = {isa = PBXFileReference; lastKnownFileType = sourcecode.swift; path = SignUpTagViewController.swift; sourceTree = "<group>"; };
		FFA707062A57186C003DF6A0 /* SignUpInfo.swift */ = {isa = PBXFileReference; lastKnownFileType = sourcecode.swift; path = SignUpInfo.swift; sourceTree = "<group>"; };
		FFA707092A572E63003DF6A0 /* GamNavigationView.swift */ = {isa = PBXFileReference; lastKnownFileType = sourcecode.swift; path = GamNavigationView.swift; sourceTree = "<group>"; };
		FFA7070B2A584FC3003DF6A0 /* Tag.swift */ = {isa = PBXFileReference; lastKnownFileType = sourcecode.swift; path = Tag.swift; sourceTree = "<group>"; };
		FFA7070E2A585194003DF6A0 /* TagCollectionView.swift */ = {isa = PBXFileReference; lastKnownFileType = sourcecode.swift; path = TagCollectionView.swift; sourceTree = "<group>"; };
		FFA707112A5852C1003DF6A0 /* LeftAlignedCollectionViewFlowLayout.swift */ = {isa = PBXFileReference; lastKnownFileType = sourcecode.swift; path = LeftAlignedCollectionViewFlowLayout.swift; sourceTree = "<group>"; };
		FFA707142A58533F003DF6A0 /* TagCollectionViewCell.swift */ = {isa = PBXFileReference; lastKnownFileType = sourcecode.swift; path = TagCollectionViewCell.swift; sourceTree = "<group>"; };
		FFA707162A585BCD003DF6A0 /* SignUpInfoViewController.swift */ = {isa = PBXFileReference; lastKnownFileType = sourcecode.swift; path = SignUpInfoViewController.swift; sourceTree = "<group>"; };
		FFA707182A59A390003DF6A0 /* Adjusted+.swift */ = {isa = PBXFileReference; lastKnownFileType = sourcecode.swift; path = "Adjusted+.swift"; sourceTree = "<group>"; };
		FFA94CB42A4EF8CD009B034F /* GAM.app */ = {isa = PBXFileReference; explicitFileType = wrapper.application; includeInIndex = 0; path = GAM.app; sourceTree = BUILT_PRODUCTS_DIR; };
		FFA94CB72A4EF8CD009B034F /* AppDelegate.swift */ = {isa = PBXFileReference; lastKnownFileType = sourcecode.swift; path = AppDelegate.swift; sourceTree = "<group>"; };
		FFA94CB92A4EF8CD009B034F /* SceneDelegate.swift */ = {isa = PBXFileReference; lastKnownFileType = sourcecode.swift; path = SceneDelegate.swift; sourceTree = "<group>"; };
		FFA94CC02A4EF8CE009B034F /* Assets.xcassets */ = {isa = PBXFileReference; lastKnownFileType = folder.assetcatalog; path = Assets.xcassets; sourceTree = "<group>"; };
		FFA94CC32A4EF8CE009B034F /* Base */ = {isa = PBXFileReference; lastKnownFileType = file.storyboard; name = Base; path = Base.lproj/LaunchScreen.storyboard; sourceTree = "<group>"; };
		FFA94CC52A4EF8CE009B034F /* Info.plist */ = {isa = PBXFileReference; lastKnownFileType = text.plist.xml; path = Info.plist; sourceTree = "<group>"; };
		FFA94CCB2A4EFAE5009B034F /* HomeViewController.swift */ = {isa = PBXFileReference; lastKnownFileType = sourcecode.swift; path = HomeViewController.swift; sourceTree = "<group>"; };
		FFA94CCF2A4F0881009B034F /* SendUpdateDelegate.swift */ = {isa = PBXFileReference; lastKnownFileType = sourcecode.swift; path = SendUpdateDelegate.swift; sourceTree = "<group>"; };
		FFA94CD22A4F08D4009B034F /* ClassName.swift */ = {isa = PBXFileReference; lastKnownFileType = sourcecode.swift; path = ClassName.swift; sourceTree = "<group>"; };
		FFA94CD42A4F08EE009B034F /* Message.swift */ = {isa = PBXFileReference; lastKnownFileType = sourcecode.swift; path = Message.swift; sourceTree = "<group>"; };
		FFA94CD62A4F0902009B034F /* UserDefaultsManager.swift */ = {isa = PBXFileReference; lastKnownFileType = sourcecode.swift; path = UserDefaultsManager.swift; sourceTree = "<group>"; };
		FFA94CD92A4F092E009B034F /* BaseViewController.swift */ = {isa = PBXFileReference; lastKnownFileType = sourcecode.swift; path = BaseViewController.swift; sourceTree = "<group>"; };
		FFA94CDB2A4F0966009B034F /* BaseNavigationController.swift */ = {isa = PBXFileReference; lastKnownFileType = sourcecode.swift; path = BaseNavigationController.swift; sourceTree = "<group>"; };
		FFA94CDE2A4F099C009B034F /* UIColor+.swift */ = {isa = PBXFileReference; lastKnownFileType = sourcecode.swift; path = "UIColor+.swift"; sourceTree = "<group>"; };
		FFA94CE02A4F09B0009B034F /* UIFont+.swift */ = {isa = PBXFileReference; lastKnownFileType = sourcecode.swift; path = "UIFont+.swift"; sourceTree = "<group>"; };
		FFA94CE42A4F182D009B034F /* UIViewController+.swift */ = {isa = PBXFileReference; lastKnownFileType = sourcecode.swift; path = "UIViewController+.swift"; sourceTree = "<group>"; };
		FFA94CE62A4F1845009B034F /* UILabel+.swift */ = {isa = PBXFileReference; lastKnownFileType = sourcecode.swift; path = "UILabel+.swift"; sourceTree = "<group>"; };
		FFA94CE82A4F1A94009B034F /* UICollectionView+.swift */ = {isa = PBXFileReference; lastKnownFileType = sourcecode.swift; path = "UICollectionView+.swift"; sourceTree = "<group>"; };
		FFA94CEA2A4F1AA4009B034F /* UITableView+.swift */ = {isa = PBXFileReference; lastKnownFileType = sourcecode.swift; path = "UITableView+.swift"; sourceTree = "<group>"; };
		FFA94CEE2A4F1ABD009B034F /* UITextField+.swift */ = {isa = PBXFileReference; lastKnownFileType = sourcecode.swift; path = "UITextField+.swift"; sourceTree = "<group>"; };
		FFA94CF02A4F1ACA009B034F /* UIView+.swift */ = {isa = PBXFileReference; lastKnownFileType = sourcecode.swift; path = "UIView+.swift"; sourceTree = "<group>"; };
		FFA94CF22A4F1AD6009B034F /* UIButton+.swift */ = {isa = PBXFileReference; lastKnownFileType = sourcecode.swift; path = "UIButton+.swift"; sourceTree = "<group>"; };
		FFA94CF42A4F1AE2009B034F /* String+.swift */ = {isa = PBXFileReference; lastKnownFileType = sourcecode.swift; path = "String+.swift"; sourceTree = "<group>"; };
		FFA94CF62A4F1AFD009B034F /* UserDefaults+.swift */ = {isa = PBXFileReference; lastKnownFileType = sourcecode.swift; path = "UserDefaults+.swift"; sourceTree = "<group>"; };
		FFA94CF82A4F1B26009B034F /* UIStackView+.swift */ = {isa = PBXFileReference; lastKnownFileType = sourcecode.swift; path = "UIStackView+.swift"; sourceTree = "<group>"; };
		FFA94CFA2A4F1B3B009B034F /* UIImageView+.swift */ = {isa = PBXFileReference; lastKnownFileType = sourcecode.swift; path = "UIImageView+.swift"; sourceTree = "<group>"; };
		FFA94CFC2A4F1B49009B034F /* Notification+Name+.swift */ = {isa = PBXFileReference; lastKnownFileType = sourcecode.swift; path = "Notification+Name+.swift"; sourceTree = "<group>"; };
		FFA94CFE2A4F1B53009B034F /* UIImage+.swift */ = {isa = PBXFileReference; lastKnownFileType = sourcecode.swift; path = "UIImage+.swift"; sourceTree = "<group>"; };
		FFA94D002A4F1B61009B034F /* UINavigationController+.swift */ = {isa = PBXFileReference; lastKnownFileType = sourcecode.swift; path = "UINavigationController+.swift"; sourceTree = "<group>"; };
		FFA94D022A4F1B6C009B034F /* UITabBar+.swift */ = {isa = PBXFileReference; lastKnownFileType = sourcecode.swift; path = "UITabBar+.swift"; sourceTree = "<group>"; };
		FFA94D042A4F1B77009B034F /* CALayer+.swift */ = {isa = PBXFileReference; lastKnownFileType = sourcecode.swift; path = "CALayer+.swift"; sourceTree = "<group>"; };
		FFA94D072A4F1BAC009B034F /* UserInfo.swift */ = {isa = PBXFileReference; lastKnownFileType = sourcecode.swift; path = UserInfo.swift; sourceTree = "<group>"; };
		FFA94D092A4F1BC4009B034F /* ImageCacheManager.swift */ = {isa = PBXFileReference; lastKnownFileType = sourcecode.swift; path = ImageCacheManager.swift; sourceTree = "<group>"; };
		FFA94D0D2A4F1C2F009B034F /* Pretendard-Medium.ttf */ = {isa = PBXFileReference; lastKnownFileType = file; path = "Pretendard-Medium.ttf"; sourceTree = "<group>"; };
		FFA94D0E2A4F1C2F009B034F /* Pretendard-SemiBold.ttf */ = {isa = PBXFileReference; lastKnownFileType = file; path = "Pretendard-SemiBold.ttf"; sourceTree = "<group>"; };
		FFA94D0F2A4F1C2F009B034F /* Pretendard-Bold.ttf */ = {isa = PBXFileReference; lastKnownFileType = file; path = "Pretendard-Bold.ttf"; sourceTree = "<group>"; };
		FFA94D102A4F1C2F009B034F /* Pretendard-Regular.ttf */ = {isa = PBXFileReference; lastKnownFileType = file; path = "Pretendard-Regular.ttf"; sourceTree = "<group>"; };
		FFA94D192A4F1D2D009B034F /* APIConstants.swift */ = {isa = PBXFileReference; lastKnownFileType = sourcecode.swift; path = APIConstants.swift; sourceTree = "<group>"; };
		FFA94D1B2A4F1D3B009B034F /* NetworkResult.swift */ = {isa = PBXFileReference; lastKnownFileType = sourcecode.swift; path = NetworkResult.swift; sourceTree = "<group>"; };
		FFA94D1D2A4F1D4C009B034F /* BaseAPI.swift */ = {isa = PBXFileReference; lastKnownFileType = sourcecode.swift; path = BaseAPI.swift; sourceTree = "<group>"; };
		FFA94D202A4F1D70009B034F /* BaseResponseType.swift */ = {isa = PBXFileReference; lastKnownFileType = sourcecode.swift; path = BaseResponseType.swift; sourceTree = "<group>"; };
		FFA94D222A4F1D84009B034F /* NetworkLoggerPlugin.swift */ = {isa = PBXFileReference; lastKnownFileType = sourcecode.swift; path = NetworkLoggerPlugin.swift; sourceTree = "<group>"; };
		FFA94D262A4F1E4A009B034F /* GamTabBarController.swift */ = {isa = PBXFileReference; lastKnownFileType = sourcecode.swift; path = GamTabBarController.swift; sourceTree = "<group>"; };
		FFA94D2B2A4F1E93009B034F /* SignInViewController.swift */ = {isa = PBXFileReference; lastKnownFileType = sourcecode.swift; path = SignInViewController.swift; sourceTree = "<group>"; };
		FFC7337B2A6FA8E5008B5054 /* GamSingleLineLabel.swift */ = {isa = PBXFileReference; lastKnownFileType = sourcecode.swift; path = GamSingleLineLabel.swift; sourceTree = "<group>"; };
		FFC7337D2A6FB90A008B5054 /* SelectedFilterTagView.swift */ = {isa = PBXFileReference; lastKnownFileType = sourcecode.swift; path = SelectedFilterTagView.swift; sourceTree = "<group>"; };
		FFC733802A710B6C008B5054 /* UserViewController.swift */ = {isa = PBXFileReference; lastKnownFileType = sourcecode.swift; path = UserViewController.swift; sourceTree = "<group>"; };
		FFC733822A71120B008B5054 /* MoreDefaultButton.swift */ = {isa = PBXFileReference; lastKnownFileType = sourcecode.swift; path = MoreDefaultButton.swift; sourceTree = "<group>"; };
		FFC733842A711472008B5054 /* UserPortfolioViewController.swift */ = {isa = PBXFileReference; lastKnownFileType = sourcecode.swift; path = UserPortfolioViewController.swift; sourceTree = "<group>"; };
		FFC733862A71147A008B5054 /* UserProfileViewController.swift */ = {isa = PBXFileReference; lastKnownFileType = sourcecode.swift; path = UserProfileViewController.swift; sourceTree = "<group>"; };
		FFC733882A716845008B5054 /* UserPortfolioEntity.swift */ = {isa = PBXFileReference; lastKnownFileType = sourcecode.swift; path = UserPortfolioEntity.swift; sourceTree = "<group>"; };
		FFC7338A2A7170F5008B5054 /* WorkEntity.swift */ = {isa = PBXFileReference; lastKnownFileType = sourcecode.swift; path = WorkEntity.swift; sourceTree = "<group>"; };
		FFC7338C2A7171A3008B5054 /* UserProfileEntity.swift */ = {isa = PBXFileReference; lastKnownFileType = sourcecode.swift; path = UserProfileEntity.swift; sourceTree = "<group>"; };
		FFC7338E2A717A64008B5054 /* PortfolioTableViewCell.swift */ = {isa = PBXFileReference; lastKnownFileType = sourcecode.swift; path = PortfolioTableViewCell.swift; sourceTree = "<group>"; };
		FFC733902A717C81008B5054 /* RepView.swift */ = {isa = PBXFileReference; lastKnownFileType = sourcecode.swift; path = RepView.swift; sourceTree = "<group>"; };
		FFC733922A76AAD0008B5054 /* PortfolioTableFooterView.swift */ = {isa = PBXFileReference; lastKnownFileType = sourcecode.swift; path = PortfolioTableFooterView.swift; sourceTree = "<group>"; };
		FFC733942A78EA8A008B5054 /* ProfileInfoView.swift */ = {isa = PBXFileReference; lastKnownFileType = sourcecode.swift; path = ProfileInfoView.swift; sourceTree = "<group>"; };
		FFC733962A78FE90008B5054 /* UnselectableTagCollectionViewCell.swift */ = {isa = PBXFileReference; lastKnownFileType = sourcecode.swift; path = UnselectableTagCollectionViewCell.swift; sourceTree = "<group>"; };
		FFC733982A79002E008B5054 /* GamContactButton.swift */ = {isa = PBXFileReference; lastKnownFileType = sourcecode.swift; path = GamContactButton.swift; sourceTree = "<group>"; };
		FFCDF8472A5A4A2500C731A3 /* Debug.xcconfig */ = {isa = PBXFileReference; fileEncoding = 4; lastKnownFileType = text.xcconfig; path = Debug.xcconfig; sourceTree = "<group>"; };
		FFCDF8482A5A4A2500C731A3 /* Release.xcconfig */ = {isa = PBXFileReference; fileEncoding = 4; lastKnownFileType = text.xcconfig; path = Release.xcconfig; sourceTree = "<group>"; };
		FFCDF8492A5A4A2500C731A3 /* Shared.xcconfig */ = {isa = PBXFileReference; fileEncoding = 4; lastKnownFileType = text.xcconfig; path = Shared.xcconfig; sourceTree = "<group>"; };
		FFCDF84D2A5A4AB300C731A3 /* Environment.swift */ = {isa = PBXFileReference; lastKnownFileType = sourcecode.swift; path = Environment.swift; sourceTree = "<group>"; };
		FFCDF8502A5A78CC00C731A3 /* MagazineTableView.swift */ = {isa = PBXFileReference; lastKnownFileType = sourcecode.swift; path = MagazineTableView.swift; sourceTree = "<group>"; };
		FFCDF8532A5A7BEE00C731A3 /* Headline1Label.swift */ = {isa = PBXFileReference; lastKnownFileType = sourcecode.swift; path = Headline1Label.swift; sourceTree = "<group>"; };
		FFCDF8562A5A7E9800C731A3 /* MagazineTableViewCell.swift */ = {isa = PBXFileReference; lastKnownFileType = sourcecode.swift; path = MagazineTableViewCell.swift; sourceTree = "<group>"; };
		FFCDF8582A5A817700C731A3 /* ScrapButton.swift */ = {isa = PBXFileReference; lastKnownFileType = sourcecode.swift; path = ScrapButton.swift; sourceTree = "<group>"; };
		FFCDF85B2A5A89D000C731A3 /* MagazineEntity.swift */ = {isa = PBXFileReference; lastKnownFileType = sourcecode.swift; path = MagazineEntity.swift; sourceTree = "<group>"; };
		FFCDF85D2A5A89D900C731A3 /* TagEntity.swift */ = {isa = PBXFileReference; lastKnownFileType = sourcecode.swift; path = TagEntity.swift; sourceTree = "<group>"; };
		FFCDF85F2A5A98BD00C731A3 /* PopularDesignerEntity.swift */ = {isa = PBXFileReference; lastKnownFileType = sourcecode.swift; path = PopularDesignerEntity.swift; sourceTree = "<group>"; };
		FFCDF8612A5A9EE500C731A3 /* PopularDesignerCollectionViewCell.swift */ = {isa = PBXFileReference; lastKnownFileType = sourcecode.swift; path = PopularDesignerCollectionViewCell.swift; sourceTree = "<group>"; };
		FFCDF8632A5AB9FE00C731A3 /* MagazineDetailViewController.swift */ = {isa = PBXFileReference; lastKnownFileType = sourcecode.swift; path = MagazineDetailViewController.swift; sourceTree = "<group>"; };
		FFCDF8652A5ABBEA00C731A3 /* ShareButton.swift */ = {isa = PBXFileReference; lastKnownFileType = sourcecode.swift; path = ShareButton.swift; sourceTree = "<group>"; };
		FFCDF8672A5AF37D00C731A3 /* SearchButton.swift */ = {isa = PBXFileReference; lastKnownFileType = sourcecode.swift; path = SearchButton.swift; sourceTree = "<group>"; };
		FFCDF8692A5AF84D00C731A3 /* MagazineDiscoverViewController.swift */ = {isa = PBXFileReference; lastKnownFileType = sourcecode.swift; path = MagazineDiscoverViewController.swift; sourceTree = "<group>"; };
		FFCDF86B2A5AFB4300C731A3 /* RecentMagazineTableHeaderView.swift */ = {isa = PBXFileReference; lastKnownFileType = sourcecode.swift; path = RecentMagazineTableHeaderView.swift; sourceTree = "<group>"; };
		FFCDF86E2A5B0C4D00C731A3 /* AllMagazineTableHeaderView.swift */ = {isa = PBXFileReference; lastKnownFileType = sourcecode.swift; path = AllMagazineTableHeaderView.swift; sourceTree = "<group>"; };
		FFCDF8702A5B198200C731A3 /* MagazineScrapViewController.swift */ = {isa = PBXFileReference; lastKnownFileType = sourcecode.swift; path = MagazineScrapViewController.swift; sourceTree = "<group>"; };
		FFCDF8722A5B1ABF00C731A3 /* MagazineScrapTableHeaderView.swift */ = {isa = PBXFileReference; lastKnownFileType = sourcecode.swift; path = MagazineScrapTableHeaderView.swift; sourceTree = "<group>"; };
		FFCDF8752A5B1E2F00C731A3 /* SearchViewController.swift */ = {isa = PBXFileReference; lastKnownFileType = sourcecode.swift; path = SearchViewController.swift; sourceTree = "<group>"; };
		FFCDF8772A5BC0FD00C731A3 /* GamSearchTextField.swift */ = {isa = PBXFileReference; lastKnownFileType = sourcecode.swift; path = GamSearchTextField.swift; sourceTree = "<group>"; };
		FFCDF8792A5BE49600C731A3 /* RecentSearchEntity.swift */ = {isa = PBXFileReference; lastKnownFileType = sourcecode.swift; path = RecentSearchEntity.swift; sourceTree = "<group>"; };
		FFCDF87B2A5BE56600C731A3 /* RecentSearchTableViewCell.swift */ = {isa = PBXFileReference; lastKnownFileType = sourcecode.swift; path = RecentSearchTableViewCell.swift; sourceTree = "<group>"; };
		FFCDF87D2A5C117900C731A3 /* NoScrapMagazineTableViewCell.swift */ = {isa = PBXFileReference; lastKnownFileType = sourcecode.swift; path = NoScrapMagazineTableViewCell.swift; sourceTree = "<group>"; };
		FFCDF87F2A5C1B5800C731A3 /* RecentSearchTapGestureRecognizer.swift */ = {isa = PBXFileReference; lastKnownFileType = sourcecode.swift; path = RecentSearchTapGestureRecognizer.swift; sourceTree = "<group>"; };
		FFCDF8812A60E55D00C731A3 /* FilterButton.swift */ = {isa = PBXFileReference; lastKnownFileType = sourcecode.swift; path = FilterButton.swift; sourceTree = "<group>"; };
		FFD9DAF62A79668E0085B965 /* ToastMessageType.swift */ = {isa = PBXFileReference; lastKnownFileType = sourcecode.swift; path = ToastMessageType.swift; sourceTree = "<group>"; };
		FFD9DAF82A7A57430085B965 /* SettingButton.swift */ = {isa = PBXFileReference; lastKnownFileType = sourcecode.swift; path = SettingButton.swift; sourceTree = "<group>"; };
		FFD9DAFA2A7A58C10085B965 /* MyPortfolioViewController.swift */ = {isa = PBXFileReference; lastKnownFileType = sourcecode.swift; path = MyPortfolioViewController.swift; sourceTree = "<group>"; };
		FFD9DAFC2A7A58CA0085B965 /* MyProfileController.swift */ = {isa = PBXFileReference; lastKnownFileType = sourcecode.swift; path = MyProfileController.swift; sourceTree = "<group>"; };
		FFD9DAFE2A7A5DA50085B965 /* MyPortfolioTableViewCell.swift */ = {isa = PBXFileReference; lastKnownFileType = sourcecode.swift; path = MyPortfolioTableViewCell.swift; sourceTree = "<group>"; };
		FFD9DB002A7A64BF0085B965 /* AddPortfolioTableViewCell.swift */ = {isa = PBXFileReference; lastKnownFileType = sourcecode.swift; path = AddPortfolioTableViewCell.swift; sourceTree = "<group>"; };
		FFD9DB022A7A6A600085B965 /* GamEmptyView.swift */ = {isa = PBXFileReference; lastKnownFileType = sourcecode.swift; path = GamEmptyView.swift; sourceTree = "<group>"; };
		FFD9DB042A7A6C420085B965 /* GamRoundedButton.swift */ = {isa = PBXFileReference; lastKnownFileType = sourcecode.swift; path = GamRoundedButton.swift; sourceTree = "<group>"; };
		FFD9DB062A7A8ED80085B965 /* AddContactURLViewController.swift */ = {isa = PBXFileReference; lastKnownFileType = sourcecode.swift; path = AddContactURLViewController.swift; sourceTree = "<group>"; };
		FFD9DB082A7A91120085B965 /* GamTextField.swift */ = {isa = PBXFileReference; lastKnownFileType = sourcecode.swift; path = GamTextField.swift; sourceTree = "<group>"; };
		FFD9DB0A2A7A9D550085B965 /* ContactURLType.swift */ = {isa = PBXFileReference; lastKnownFileType = sourcecode.swift; path = ContactURLType.swift; sourceTree = "<group>"; };
		FFF605C12A657CC400A1EEC6 /* BrowseDesignerEntity.swift */ = {isa = PBXFileReference; lastKnownFileType = sourcecode.swift; path = BrowseDesignerEntity.swift; sourceTree = "<group>"; };
		FFF605C72A65809B00A1EEC6 /* BrowseScrapCollectionHeaderView.swift */ = {isa = PBXFileReference; lastKnownFileType = sourcecode.swift; path = BrowseScrapCollectionHeaderView.swift; sourceTree = "<group>"; };
/* End PBXFileReference section */

/* Begin PBXFrameworksBuildPhase section */
		FFA94CB12A4EF8CD009B034F /* Frameworks */ = {
			isa = PBXFrameworksBuildPhase;
			buildActionMask = 2147483647;
			files = (
				FFA94D372A4F1FF5009B034F /* RxSwift in Frameworks */,
				FFA7071E2A59A94E003DF6A0 /* KakaoSDKCommon in Frameworks */,
				FFA94D352A4F1FF5009B034F /* RxCocoa in Frameworks */,
				FFA94D3A2A4F2167009B034F /* Moya in Frameworks */,
				FFA707202A59A94E003DF6A0 /* KakaoSDKUser in Frameworks */,
				FFA706E62A4F318F003DF6A0 /* RxSwiftExt in Frameworks */,
				FFA94D322A4F1FCE009B034F /* SnapKit in Frameworks */,
				FFA7071C2A59A94E003DF6A0 /* KakaoSDKAuth in Frameworks */,
			);
			runOnlyForDeploymentPostprocessing = 0;
		};
/* End PBXFrameworksBuildPhase section */

/* Begin PBXGroup section */
		FFA706DE2A4F2F65003DF6A0 /* Magazine */ = {
			isa = PBXGroup;
			children = (
				FFCDF8632A5AB9FE00C731A3 /* MagazineDetailViewController.swift */,
				FFA706E92A4F39E4003DF6A0 /* MagazineViewController.swift */,
				FFCDF8692A5AF84D00C731A3 /* MagazineDiscoverViewController.swift */,
				FFCDF8702A5B198200C731A3 /* MagazineScrapViewController.swift */,
			);
			path = Magazine;
			sourceTree = "<group>";
		};
		FFA706DF2A4F2F6C003DF6A0 /* Browse */ = {
			isa = PBXGroup;
			children = (
				FFA706EB2A4F39EB003DF6A0 /* BrowseViewController.swift */,
				FF0413582A62B31700BE65F1 /* BrowseDiscoverViewController.swift */,
				FF04135A2A62B32200BE65F1 /* BrowseScrapViewController.swift */,
				FF0FA6142A6D9E1F00482841 /* FilterViewController.swift */,
			);
			path = Browse;
			sourceTree = "<group>";
		};
		FFA706E02A4F2F72003DF6A0 /* My */ = {
			isa = PBXGroup;
			children = (
				FFA706ED2A4F39F3003DF6A0 /* MyViewController.swift */,
				FFD9DAFA2A7A58C10085B965 /* MyPortfolioViewController.swift */,
				FFD9DAFC2A7A58CA0085B965 /* MyProfileController.swift */,
				FFD9DB062A7A8ED80085B965 /* AddContactURLViewController.swift */,
			);
			path = My;
			sourceTree = "<group>";
		};
		FFA706E12A4F301A003DF6A0 /* PagingTab */ = {
			isa = PBXGroup;
			children = (
				FFA706E22A4F302F003DF6A0 /* PagingHeaderCell.swift */,
				FFA706E72A4F363B003DF6A0 /* PagingTabHeaderView.swift */,
			);
			path = PagingTab;
			sourceTree = "<group>";
		};
		FFA706F32A52748D003DF6A0 /* ActivityIndicatorView */ = {
			isa = PBXGroup;
			children = (
				FFA706F42A5274A1003DF6A0 /* GamActivityIndicatorView.swift */,
			);
			path = ActivityIndicatorView;
			sourceTree = "<group>";
		};
		FFA706F62A527862003DF6A0 /* SignUp */ = {
			isa = PBXGroup;
			children = (
				FFA706F72A528130003DF6A0 /* SignUpUsernameViewController.swift */,
				FFA707022A5712C0003DF6A0 /* SignUpTagViewController.swift */,
				FFA707162A585BCD003DF6A0 /* SignUpInfoViewController.swift */,
			);
			path = SignUp;
			sourceTree = "<group>";
		};
		FFA706F92A52825B003DF6A0 /* ProgressBar */ = {
			isa = PBXGroup;
			children = (
				FFA706FA2A52827E003DF6A0 /* GamProgressBarView.swift */,
			);
			path = ProgressBar;
			sourceTree = "<group>";
		};
		FFA706FC2A52881B003DF6A0 /* TextField */ = {
			isa = PBXGroup;
			children = (
				FFA706FD2A528830003DF6A0 /* SignUpTextField.swift */,
				FFCDF8772A5BC0FD00C731A3 /* GamSearchTextField.swift */,
				FFD9DB082A7A91120085B965 /* GamTextField.swift */,
			);
			path = TextField;
			sourceTree = "<group>";
		};
		FFA706FF2A532B4D003DF6A0 /* Button */ = {
			isa = PBXGroup;
			children = (
				FFA707002A532B5B003DF6A0 /* GamFullButton.swift */,
				FFCDF8582A5A817700C731A3 /* ScrapButton.swift */,
				FFCDF8652A5ABBEA00C731A3 /* ShareButton.swift */,
				FFCDF8672A5AF37D00C731A3 /* SearchButton.swift */,
				FFCDF8812A60E55D00C731A3 /* FilterButton.swift */,
				FFC733822A71120B008B5054 /* MoreDefaultButton.swift */,
				FFC733982A79002E008B5054 /* GamContactButton.swift */,
				FFD9DAF82A7A57430085B965 /* SettingButton.swift */,
				FFD9DB042A7A6C420085B965 /* GamRoundedButton.swift */,
			);
			path = Button;
			sourceTree = "<group>";
		};
		FFA707082A572E52003DF6A0 /* View */ = {
			isa = PBXGroup;
			children = (
				FFA707092A572E63003DF6A0 /* GamNavigationView.swift */,
				FFC7337D2A6FB90A008B5054 /* SelectedFilterTagView.swift */,
				FFC733902A717C81008B5054 /* RepView.swift */,
				FFC733942A78EA8A008B5054 /* ProfileInfoView.swift */,
				FFD9DB022A7A6A600085B965 /* GamEmptyView.swift */,
			);
			path = View;
			sourceTree = "<group>";
		};
		FFA7070D2A585186003DF6A0 /* CollectionView */ = {
			isa = PBXGroup;
			children = (
				FFA7070E2A585194003DF6A0 /* TagCollectionView.swift */,
			);
			path = CollectionView;
			sourceTree = "<group>";
		};
		FFA707102A58529D003DF6A0 /* CollectionViewFlowLayout */ = {
			isa = PBXGroup;
			children = (
				FFA707112A5852C1003DF6A0 /* LeftAlignedCollectionViewFlowLayout.swift */,
			);
			path = CollectionViewFlowLayout;
			sourceTree = "<group>";
		};
		FFA707132A585333003DF6A0 /* CollectionViewCell */ = {
			isa = PBXGroup;
			children = (
				FFC733962A78FE90008B5054 /* UnselectableTagCollectionViewCell.swift */,
				FFA707142A58533F003DF6A0 /* TagCollectionViewCell.swift */,
				FFCDF8612A5A9EE500C731A3 /* PopularDesignerCollectionViewCell.swift */,
				FF04135C2A62F28200BE65F1 /* BrowseDiscoverCollectionViewCell.swift */,
				FF0FA60E2A6D862300482841 /* BrowseScrapCollectionViewCell.swift */,
			);
			path = CollectionViewCell;
			sourceTree = "<group>";
		};
		FFA94CAB2A4EF8CD009B034F = {
			isa = PBXGroup;
			children = (
				FFA94CB62A4EF8CD009B034F /* GAM */,
				FFA94CB52A4EF8CD009B034F /* Products */,
			);
			sourceTree = "<group>";
		};
		FFA94CB52A4EF8CD009B034F /* Products */ = {
			isa = PBXGroup;
			children = (
				FFA94CB42A4EF8CD009B034F /* GAM.app */,
			);
			name = Products;
			sourceTree = "<group>";
		};
		FFA94CB62A4EF8CD009B034F /* GAM */ = {
			isa = PBXGroup;
			children = (
				FFCDF8462A5A4A0800C731A3 /* Supports */,
				FFA94CCD2A4F084D009B034F /* Global */,
				FFA94D172A4F1D05009B034F /* Network */,
				FFA94D242A4F1E29009B034F /* Sources */,
				FFA94D2F2A4F1ED6009B034F /* Plists */,
				FFA94D2E2A4F1EC8009B034F /* Applications */,
				FFA94D0B2A4F1C05009B034F /* Resources */,
			);
			path = GAM;
			sourceTree = "<group>";
		};
		FFA94CCD2A4F084D009B034F /* Global */ = {
			isa = PBXGroup;
			children = (
				FFD9DAF52A7966840085B965 /* Enums */,
				FFA94CCE2A4F0869009B034F /* Protocols */,
				FFA94CD12A4F08C6009B034F /* Utils */,
				FFA94CD82A4F091C009B034F /* Bases */,
				FFA94CDD2A4F0980009B034F /* Extensions */,
				FFA94D062A4F1B94009B034F /* Singletons */,
			);
			path = Global;
			sourceTree = "<group>";
		};
		FFA94CCE2A4F0869009B034F /* Protocols */ = {
			isa = PBXGroup;
			children = (
				FFA94CCF2A4F0881009B034F /* SendUpdateDelegate.swift */,
			);
			path = Protocols;
			sourceTree = "<group>";
		};
		FFA94CD12A4F08C6009B034F /* Utils */ = {
			isa = PBXGroup;
			children = (
				FFA94CD22A4F08D4009B034F /* ClassName.swift */,
				FFA94CD42A4F08EE009B034F /* Message.swift */,
				FFA94CD62A4F0902009B034F /* UserDefaultsManager.swift */,
			);
			path = Utils;
			sourceTree = "<group>";
		};
		FFA94CD82A4F091C009B034F /* Bases */ = {
			isa = PBXGroup;
			children = (
				FFA94CD92A4F092E009B034F /* BaseViewController.swift */,
				FFA94CDB2A4F0966009B034F /* BaseNavigationController.swift */,
			);
			path = Bases;
			sourceTree = "<group>";
		};
		FFA94CDD2A4F0980009B034F /* Extensions */ = {
			isa = PBXGroup;
			children = (
				FFA94CDE2A4F099C009B034F /* UIColor+.swift */,
				FFA94CE02A4F09B0009B034F /* UIFont+.swift */,
				FFA94CE42A4F182D009B034F /* UIViewController+.swift */,
				FFA94CE62A4F1845009B034F /* UILabel+.swift */,
				FFA94CE82A4F1A94009B034F /* UICollectionView+.swift */,
				FFA94CEA2A4F1AA4009B034F /* UITableView+.swift */,
				FFA94CEE2A4F1ABD009B034F /* UITextField+.swift */,
				FFA94CF02A4F1ACA009B034F /* UIView+.swift */,
				FFA94CF22A4F1AD6009B034F /* UIButton+.swift */,
				FFA94CF42A4F1AE2009B034F /* String+.swift */,
				FFA94CF62A4F1AFD009B034F /* UserDefaults+.swift */,
				FFA94CF82A4F1B26009B034F /* UIStackView+.swift */,
				FFA94CFA2A4F1B3B009B034F /* UIImageView+.swift */,
				FFA94CFC2A4F1B49009B034F /* Notification+Name+.swift */,
				FFA94CFE2A4F1B53009B034F /* UIImage+.swift */,
				FFA94D002A4F1B61009B034F /* UINavigationController+.swift */,
				FFA94D022A4F1B6C009B034F /* UITabBar+.swift */,
				FFA94D042A4F1B77009B034F /* CALayer+.swift */,
				FFA707182A59A390003DF6A0 /* Adjusted+.swift */,
			);
			path = Extensions;
			sourceTree = "<group>";
		};
		FFA94D062A4F1B94009B034F /* Singletons */ = {
			isa = PBXGroup;
			children = (
				FFA94D072A4F1BAC009B034F /* UserInfo.swift */,
				FFA94D092A4F1BC4009B034F /* ImageCacheManager.swift */,
				FFA707062A57186C003DF6A0 /* SignUpInfo.swift */,
				FFA7070B2A584FC3003DF6A0 /* Tag.swift */,
			);
			path = Singletons;
			sourceTree = "<group>";
		};
		FFA94D0B2A4F1C05009B034F /* Resources */ = {
			isa = PBXGroup;
			children = (
				FFA94D0C2A4F1C12009B034F /* Fonts */,
				FFA94CC02A4EF8CE009B034F /* Assets.xcassets */,
				FFA706F12A5271E9003DF6A0 /* Colorsets.xcassets */,
			);
			path = Resources;
			sourceTree = "<group>";
		};
		FFA94D0C2A4F1C12009B034F /* Fonts */ = {
			isa = PBXGroup;
			children = (
				FFA94D0F2A4F1C2F009B034F /* Pretendard-Bold.ttf */,
				FFA94D0D2A4F1C2F009B034F /* Pretendard-Medium.ttf */,
				FFA94D102A4F1C2F009B034F /* Pretendard-Regular.ttf */,
				FFA94D0E2A4F1C2F009B034F /* Pretendard-SemiBold.ttf */,
			);
			path = Fonts;
			sourceTree = "<group>";
		};
		FFA94D172A4F1D05009B034F /* Network */ = {
			isa = PBXGroup;
			children = (
				FFA94D182A4F1D19009B034F /* APIEssentials */,
				FFA94D1F2A4F1D59009B034F /* APIModels */,
				FFA94D222A4F1D84009B034F /* NetworkLoggerPlugin.swift */,
			);
			path = Network;
			sourceTree = "<group>";
		};
		FFA94D182A4F1D19009B034F /* APIEssentials */ = {
			isa = PBXGroup;
			children = (
				FFA94D192A4F1D2D009B034F /* APIConstants.swift */,
				FFA94D1B2A4F1D3B009B034F /* NetworkResult.swift */,
				FFA94D1D2A4F1D4C009B034F /* BaseAPI.swift */,
			);
			path = APIEssentials;
			sourceTree = "<group>";
		};
		FFA94D1F2A4F1D59009B034F /* APIModels */ = {
			isa = PBXGroup;
			children = (
				FFA94D202A4F1D70009B034F /* BaseResponseType.swift */,
			);
			path = APIModels;
			sourceTree = "<group>";
		};
		FFA94D242A4F1E29009B034F /* Sources */ = {
			isa = PBXGroup;
			children = (
				FFCDF85A2A5A89C300C731A3 /* Entities */,
				FFA94CC22A4EF8CE009B034F /* LaunchScreen.storyboard */,
				FFA94D252A4F1E34009B034F /* Components */,
				FFA94D292A4F1E6B009B034F /* Screens */,
			);
			path = Sources;
			sourceTree = "<group>";
		};
		FFA94D252A4F1E34009B034F /* Components */ = {
			isa = PBXGroup;
			children = (
				FFF605C62A65807E00A1EEC6 /* CollectionReusableView */,
				FFA707082A572E52003DF6A0 /* View */,
				FFCDF84F2A5A78C200C731A3 /* TableView */,
				FFCDF8552A5A7E8500C731A3 /* TableViewCell */,
				FFCDF86D2A5B0C3400C731A3 /* TableViewHeaderFooterView */,
				FFA7070D2A585186003DF6A0 /* CollectionView */,
				FFA707132A585333003DF6A0 /* CollectionViewCell */,
				FFA707102A58529D003DF6A0 /* CollectionViewFlowLayout */,
				FFCDF8522A5A7BE400C731A3 /* Label */,
				FFA706FF2A532B4D003DF6A0 /* Button */,
				FFA706FC2A52881B003DF6A0 /* TextField */,
				FFA706F92A52825B003DF6A0 /* ProgressBar */,
				FFA706F32A52748D003DF6A0 /* ActivityIndicatorView */,
				FFA706E12A4F301A003DF6A0 /* PagingTab */,
				FFA94D282A4F1E4E009B034F /* TabBarController */,
			);
			path = Components;
			sourceTree = "<group>";
		};
		FFA94D282A4F1E4E009B034F /* TabBarController */ = {
			isa = PBXGroup;
			children = (
				FFA94D262A4F1E4A009B034F /* GamTabBarController.swift */,
			);
			path = TabBarController;
			sourceTree = "<group>";
		};
		FFA94D292A4F1E6B009B034F /* Screens */ = {
			isa = PBXGroup;
			children = (
				FFA94D2A2A4F1E7B009B034F /* SignIn */,
				FFA706F62A527862003DF6A0 /* SignUp */,
				FFA94D2D2A4F1E9D009B034F /* Home */,
				FFA706DE2A4F2F65003DF6A0 /* Magazine */,
				FFA706DF2A4F2F6C003DF6A0 /* Browse */,
				FFA706E02A4F2F72003DF6A0 /* My */,
				FFCDF8742A5B1E0300C731A3 /* Search */,
				FFC7337F2A710B67008B5054 /* User */,
			);
			path = Screens;
			sourceTree = "<group>";
		};
		FFA94D2A2A4F1E7B009B034F /* SignIn */ = {
			isa = PBXGroup;
			children = (
				FFA94D2B2A4F1E93009B034F /* SignInViewController.swift */,
			);
			path = SignIn;
			sourceTree = "<group>";
		};
		FFA94D2D2A4F1E9D009B034F /* Home */ = {
			isa = PBXGroup;
			children = (
				FFA94CCB2A4EFAE5009B034F /* HomeViewController.swift */,
			);
			path = Home;
			sourceTree = "<group>";
		};
		FFA94D2E2A4F1EC8009B034F /* Applications */ = {
			isa = PBXGroup;
			children = (
				FFA94CB72A4EF8CD009B034F /* AppDelegate.swift */,
				FFA94CB92A4EF8CD009B034F /* SceneDelegate.swift */,
			);
			path = Applications;
			sourceTree = "<group>";
		};
		FFA94D2F2A4F1ED6009B034F /* Plists */ = {
			isa = PBXGroup;
			children = (
				FFA94CC52A4EF8CE009B034F /* Info.plist */,
			);
			path = Plists;
			sourceTree = "<group>";
		};
		FFC7337F2A710B67008B5054 /* User */ = {
			isa = PBXGroup;
			children = (
				FFC733802A710B6C008B5054 /* UserViewController.swift */,
				FFC733842A711472008B5054 /* UserPortfolioViewController.swift */,
				FFC733862A71147A008B5054 /* UserProfileViewController.swift */,
			);
			path = User;
			sourceTree = "<group>";
		};
		FFCDF8462A5A4A0800C731A3 /* Supports */ = {
			isa = PBXGroup;
			children = (
				FFCDF8472A5A4A2500C731A3 /* Debug.xcconfig */,
				FFCDF8482A5A4A2500C731A3 /* Release.xcconfig */,
				FFCDF8492A5A4A2500C731A3 /* Shared.xcconfig */,
				FFCDF84D2A5A4AB300C731A3 /* Environment.swift */,
			);
			path = Supports;
			sourceTree = "<group>";
		};
		FFCDF84F2A5A78C200C731A3 /* TableView */ = {
			isa = PBXGroup;
			children = (
				FFCDF8502A5A78CC00C731A3 /* MagazineTableView.swift */,
			);
			path = TableView;
			sourceTree = "<group>";
		};
		FFCDF8522A5A7BE400C731A3 /* Label */ = {
			isa = PBXGroup;
			children = (
				FFCDF8532A5A7BEE00C731A3 /* Headline1Label.swift */,
				FFC7337B2A6FA8E5008B5054 /* GamSingleLineLabel.swift */,
			);
			path = Label;
			sourceTree = "<group>";
		};
		FFCDF8552A5A7E8500C731A3 /* TableViewCell */ = {
			isa = PBXGroup;
			children = (
				FFCDF8562A5A7E9800C731A3 /* MagazineTableViewCell.swift */,
				FFCDF87D2A5C117900C731A3 /* NoScrapMagazineTableViewCell.swift */,
				FFCDF87B2A5BE56600C731A3 /* RecentSearchTableViewCell.swift */,
				FFC7338E2A717A64008B5054 /* PortfolioTableViewCell.swift */,
				FFD9DAFE2A7A5DA50085B965 /* MyPortfolioTableViewCell.swift */,
				FFD9DB002A7A64BF0085B965 /* AddPortfolioTableViewCell.swift */,
			);
			path = TableViewCell;
			sourceTree = "<group>";
		};
		FFCDF85A2A5A89C300C731A3 /* Entities */ = {
			isa = PBXGroup;
			children = (
				FFCDF85B2A5A89D000C731A3 /* MagazineEntity.swift */,
				FFCDF85D2A5A89D900C731A3 /* TagEntity.swift */,
				FFCDF85F2A5A98BD00C731A3 /* PopularDesignerEntity.swift */,
				FFCDF8792A5BE49600C731A3 /* RecentSearchEntity.swift */,
				FFF605C12A657CC400A1EEC6 /* BrowseDesignerEntity.swift */,
				FF0FA6102A6D87FA00482841 /* BrowseDesignerScrapEntity.swift */,
				FF0FA6122A6D976900482841 /* PortfolioSearchEntity.swift */,
				FFC733882A716845008B5054 /* UserPortfolioEntity.swift */,
				FFC7338A2A7170F5008B5054 /* WorkEntity.swift */,
				FFC7338C2A7171A3008B5054 /* UserProfileEntity.swift */,
			);
			path = Entities;
			sourceTree = "<group>";
		};
		FFCDF86D2A5B0C3400C731A3 /* TableViewHeaderFooterView */ = {
			isa = PBXGroup;
			children = (
				FFCDF86B2A5AFB4300C731A3 /* RecentMagazineTableHeaderView.swift */,
				FFCDF86E2A5B0C4D00C731A3 /* AllMagazineTableHeaderView.swift */,
				FFCDF8722A5B1ABF00C731A3 /* MagazineScrapTableHeaderView.swift */,
				FFC733922A76AAD0008B5054 /* PortfolioTableFooterView.swift */,
			);
			path = TableViewHeaderFooterView;
			sourceTree = "<group>";
		};
		FFCDF8742A5B1E0300C731A3 /* Search */ = {
			isa = PBXGroup;
			children = (
				FFCDF8752A5B1E2F00C731A3 /* SearchViewController.swift */,
				FFCDF87F2A5C1B5800C731A3 /* RecentSearchTapGestureRecognizer.swift */,
			);
			path = Search;
			sourceTree = "<group>";
		};
		FFD9DAF52A7966840085B965 /* Enums */ = {
			isa = PBXGroup;
			children = (
				FFD9DAF62A79668E0085B965 /* ToastMessageType.swift */,
				FFD9DB0A2A7A9D550085B965 /* ContactURLType.swift */,
			);
			path = Enums;
			sourceTree = "<group>";
		};
		FFF605C62A65807E00A1EEC6 /* CollectionReusableView */ = {
			isa = PBXGroup;
			children = (
				FFF605C72A65809B00A1EEC6 /* BrowseScrapCollectionHeaderView.swift */,
			);
			path = CollectionReusableView;
			sourceTree = "<group>";
		};
/* End PBXGroup section */

/* Begin PBXNativeTarget section */
		FFA94CB32A4EF8CD009B034F /* GAM */ = {
			isa = PBXNativeTarget;
			buildConfigurationList = FFA94CC82A4EF8CE009B034F /* Build configuration list for PBXNativeTarget "GAM" */;
			buildPhases = (
				FFA94CB02A4EF8CD009B034F /* Sources */,
				FFA94CB12A4EF8CD009B034F /* Frameworks */,
				FFA94CB22A4EF8CD009B034F /* Resources */,
			);
			buildRules = (
			);
			dependencies = (
			);
			name = GAM;
			packageProductDependencies = (
				FFA94D312A4F1FCE009B034F /* SnapKit */,
				FFA94D342A4F1FF5009B034F /* RxCocoa */,
				FFA94D362A4F1FF5009B034F /* RxSwift */,
				FFA94D392A4F2167009B034F /* Moya */,
				FFA706E52A4F318F003DF6A0 /* RxSwiftExt */,
				FFA7071B2A59A94E003DF6A0 /* KakaoSDKAuth */,
				FFA7071D2A59A94E003DF6A0 /* KakaoSDKCommon */,
				FFA7071F2A59A94E003DF6A0 /* KakaoSDKUser */,
			);
			productName = GAM;
			productReference = FFA94CB42A4EF8CD009B034F /* GAM.app */;
			productType = "com.apple.product-type.application";
		};
/* End PBXNativeTarget section */

/* Begin PBXProject section */
		FFA94CAC2A4EF8CD009B034F /* Project object */ = {
			isa = PBXProject;
			attributes = {
				BuildIndependentTargetsInParallel = 1;
				LastSwiftUpdateCheck = 1430;
				LastUpgradeCheck = 1430;
				TargetAttributes = {
					FFA94CB32A4EF8CD009B034F = {
						CreatedOnToolsVersion = 14.3.1;
					};
				};
			};
			buildConfigurationList = FFA94CAF2A4EF8CD009B034F /* Build configuration list for PBXProject "GAM" */;
			compatibilityVersion = "Xcode 14.0";
			developmentRegion = en;
			hasScannedForEncodings = 0;
			knownRegions = (
				en,
				Base,
			);
			mainGroup = FFA94CAB2A4EF8CD009B034F;
			packageReferences = (
				FFA94D302A4F1FCE009B034F /* XCRemoteSwiftPackageReference "SnapKit" */,
				FFA94D332A4F1FF5009B034F /* XCRemoteSwiftPackageReference "RxSwift" */,
				FFA94D382A4F2167009B034F /* XCRemoteSwiftPackageReference "Moya" */,
				FFA706E42A4F318F003DF6A0 /* XCRemoteSwiftPackageReference "RxSwiftExt" */,
				FFA7071A2A59A94E003DF6A0 /* XCRemoteSwiftPackageReference "kakao-ios-sdk" */,
			);
			productRefGroup = FFA94CB52A4EF8CD009B034F /* Products */;
			projectDirPath = "";
			projectRoot = "";
			targets = (
				FFA94CB32A4EF8CD009B034F /* GAM */,
			);
		};
/* End PBXProject section */

/* Begin PBXResourcesBuildPhase section */
		FFA94CB22A4EF8CD009B034F /* Resources */ = {
			isa = PBXResourcesBuildPhase;
			buildActionMask = 2147483647;
			files = (
				FFA94D122A4F1C2F009B034F /* Pretendard-SemiBold.ttf in Resources */,
				FFA706F22A5271E9003DF6A0 /* Colorsets.xcassets in Resources */,
				FFA94D132A4F1C2F009B034F /* Pretendard-Bold.ttf in Resources */,
				FFCDF84B2A5A4A2500C731A3 /* Release.xcconfig in Resources */,
				FFA94D142A4F1C2F009B034F /* Pretendard-Regular.ttf in Resources */,
				FFA94CC42A4EF8CE009B034F /* LaunchScreen.storyboard in Resources */,
				FFCDF84C2A5A4A2500C731A3 /* Shared.xcconfig in Resources */,
				FFA94CC12A4EF8CE009B034F /* Assets.xcassets in Resources */,
				FFA94D112A4F1C2F009B034F /* Pretendard-Medium.ttf in Resources */,
				FFCDF84A2A5A4A2500C731A3 /* Debug.xcconfig in Resources */,
			);
			runOnlyForDeploymentPostprocessing = 0;
		};
/* End PBXResourcesBuildPhase section */

/* Begin PBXSourcesBuildPhase section */
		FFA94CB02A4EF8CD009B034F /* Sources */ = {
			isa = PBXSourcesBuildPhase;
			buildActionMask = 2147483647;
			files = (
				FFA94CE52A4F182D009B034F /* UIViewController+.swift in Sources */,
				FFA94D012A4F1B61009B034F /* UINavigationController+.swift in Sources */,
				FFA707172A585BCD003DF6A0 /* SignUpInfoViewController.swift in Sources */,
				FFC733952A78EA8A008B5054 /* ProfileInfoView.swift in Sources */,
				FFA707012A532B5B003DF6A0 /* GamFullButton.swift in Sources */,
				FFA94CE92A4F1A94009B034F /* UICollectionView+.swift in Sources */,
				FF04135B2A62B32200BE65F1 /* BrowseScrapViewController.swift in Sources */,
				FFCDF8782A5BC0FD00C731A3 /* GamSearchTextField.swift in Sources */,
				FF0FA6132A6D976900482841 /* PortfolioSearchEntity.swift in Sources */,
				FFD9DB072A7A8ED80085B965 /* AddContactURLViewController.swift in Sources */,
				FFCDF8712A5B198200C731A3 /* MagazineScrapViewController.swift in Sources */,
				FFA94D0A2A4F1BC4009B034F /* ImageCacheManager.swift in Sources */,
				FFA706EE2A4F39F3003DF6A0 /* MyViewController.swift in Sources */,
				FFCDF8682A5AF37D00C731A3 /* SearchButton.swift in Sources */,
				FFCDF8602A5A98BD00C731A3 /* PopularDesignerEntity.swift in Sources */,
				FFCDF8802A5C1B5800C731A3 /* RecentSearchTapGestureRecognizer.swift in Sources */,
				FFC733992A79002E008B5054 /* GamContactButton.swift in Sources */,
				FFA94D2C2A4F1E93009B034F /* SignInViewController.swift in Sources */,
				FFA94CB82A4EF8CD009B034F /* AppDelegate.swift in Sources */,
				FFA94D052A4F1B77009B034F /* CALayer+.swift in Sources */,
				FFA94CBA2A4EF8CD009B034F /* SceneDelegate.swift in Sources */,
				FFC7338D2A7171A3008B5054 /* UserProfileEntity.swift in Sources */,
				FFA706FB2A52827E003DF6A0 /* GamProgressBarView.swift in Sources */,
				FFA706EA2A4F39E4003DF6A0 /* MagazineViewController.swift in Sources */,
				FFD9DAFD2A7A58CA0085B965 /* MyProfileController.swift in Sources */,
				FFA7070C2A584FC3003DF6A0 /* Tag.swift in Sources */,
				FFC733872A71147A008B5054 /* UserProfileViewController.swift in Sources */,
				FFC7337E2A6FB90A008B5054 /* SelectedFilterTagView.swift in Sources */,
				FFA94CCC2A4EFAE5009B034F /* HomeViewController.swift in Sources */,
				FFA94D032A4F1B6C009B034F /* UITabBar+.swift in Sources */,
				FFD9DB092A7A91120085B965 /* GamTextField.swift in Sources */,
				FFA94CE12A4F09B0009B034F /* UIFont+.swift in Sources */,
				FFA706EC2A4F39EB003DF6A0 /* BrowseViewController.swift in Sources */,
				FFA706F82A528130003DF6A0 /* SignUpUsernameViewController.swift in Sources */,
				FFC733972A78FE90008B5054 /* UnselectableTagCollectionViewCell.swift in Sources */,
				FF0FA6112A6D87FA00482841 /* BrowseDesignerScrapEntity.swift in Sources */,
				FFCDF8762A5B1E2F00C731A3 /* SearchViewController.swift in Sources */,
				FFCDF87C2A5BE56600C731A3 /* RecentSearchTableViewCell.swift in Sources */,
				FFD9DB052A7A6C420085B965 /* GamRoundedButton.swift in Sources */,
				FFA94CDF2A4F099C009B034F /* UIColor+.swift in Sources */,
				FFF605C22A657CC400A1EEC6 /* BrowseDesignerEntity.swift in Sources */,
				FFCDF86F2A5B0C4D00C731A3 /* AllMagazineTableHeaderView.swift in Sources */,
				FFCDF8622A5A9EE500C731A3 /* PopularDesignerCollectionViewCell.swift in Sources */,
				FFCDF8572A5A7E9800C731A3 /* MagazineTableViewCell.swift in Sources */,
				FFA94CFF2A4F1B53009B034F /* UIImage+.swift in Sources */,
				FFA94D1C2A4F1D3B009B034F /* NetworkResult.swift in Sources */,
				FFA94CD02A4F0881009B034F /* SendUpdateDelegate.swift in Sources */,
				FF0413592A62B31700BE65F1 /* BrowseDiscoverViewController.swift in Sources */,
				FFA94CDA2A4F092E009B034F /* BaseViewController.swift in Sources */,
				FFCDF8732A5B1ABF00C731A3 /* MagazineScrapTableHeaderView.swift in Sources */,
				FFA706FE2A528830003DF6A0 /* SignUpTextField.swift in Sources */,
				FFC7338B2A7170F5008B5054 /* WorkEntity.swift in Sources */,
				FFA707122A5852C1003DF6A0 /* LeftAlignedCollectionViewFlowLayout.swift in Sources */,
				FFA706E32A4F302F003DF6A0 /* PagingHeaderCell.swift in Sources */,
				FFA94CEB2A4F1AA4009B034F /* UITableView+.swift in Sources */,
				FFCDF8542A5A7BEE00C731A3 /* Headline1Label.swift in Sources */,
				FFA94CFB2A4F1B3B009B034F /* UIImageView+.swift in Sources */,
				FFCDF84E2A5A4AB300C731A3 /* Environment.swift in Sources */,
				FFA94CD32A4F08D4009B034F /* ClassName.swift in Sources */,
				FFC733832A71120B008B5054 /* MoreDefaultButton.swift in Sources */,
				FFC733932A76AAD0008B5054 /* PortfolioTableFooterView.swift in Sources */,
				FFA94CD72A4F0902009B034F /* UserDefaultsManager.swift in Sources */,
				FFA707152A58533F003DF6A0 /* TagCollectionViewCell.swift in Sources */,
				FFA94CFD2A4F1B49009B034F /* Notification+Name+.swift in Sources */,
				FFD9DB012A7A64BF0085B965 /* AddPortfolioTableViewCell.swift in Sources */,
				FFA94CE72A4F1845009B034F /* UILabel+.swift in Sources */,
				FFA94D232A4F1D84009B034F /* NetworkLoggerPlugin.swift in Sources */,
				FFA707072A57186C003DF6A0 /* SignUpInfo.swift in Sources */,
				FFD9DB0B2A7A9D550085B965 /* ContactURLType.swift in Sources */,
				FFA94D1A2A4F1D2D009B034F /* APIConstants.swift in Sources */,
				FFCDF87E2A5C117900C731A3 /* NoScrapMagazineTableViewCell.swift in Sources */,
				FFA94CF12A4F1ACA009B034F /* UIView+.swift in Sources */,
				FFCDF85C2A5A89D000C731A3 /* MagazineEntity.swift in Sources */,
				FF0FA6152A6D9E1F00482841 /* FilterViewController.swift in Sources */,
				FFD9DAF92A7A57430085B965 /* SettingButton.swift in Sources */,
				FF04135D2A62F28200BE65F1 /* BrowseDiscoverCollectionViewCell.swift in Sources */,
				FFA94CEF2A4F1ABD009B034F /* UITextField+.swift in Sources */,
				FFA707192A59A390003DF6A0 /* Adjusted+.swift in Sources */,
				FFA706E82A4F363B003DF6A0 /* PagingTabHeaderView.swift in Sources */,
				FFA7070A2A572E63003DF6A0 /* GamNavigationView.swift in Sources */,
				FFCDF8822A60E55D00C731A3 /* FilterButton.swift in Sources */,
				FFCDF8642A5AB9FE00C731A3 /* MagazineDetailViewController.swift in Sources */,
				FFC733912A717C81008B5054 /* RepView.swift in Sources */,
				FFA707032A5712C0003DF6A0 /* SignUpTagViewController.swift in Sources */,
				FF0FA60F2A6D862300482841 /* BrowseScrapCollectionViewCell.swift in Sources */,
				FFCDF86C2A5AFB4300C731A3 /* RecentMagazineTableHeaderView.swift in Sources */,
				FFA94CDC2A4F0966009B034F /* BaseNavigationController.swift in Sources */,
				FFA94D272A4F1E4A009B034F /* GamTabBarController.swift in Sources */,
				FFC733892A716845008B5054 /* UserPortfolioEntity.swift in Sources */,
				FFA94CF72A4F1AFD009B034F /* UserDefaults+.swift in Sources */,
				FFD9DAF72A79668E0085B965 /* ToastMessageType.swift in Sources */,
				FFD9DAFB2A7A58C10085B965 /* MyPortfolioViewController.swift in Sources */,
				FFCDF8662A5ABBEA00C731A3 /* ShareButton.swift in Sources */,
				FFF605C82A65809B00A1EEC6 /* BrowseScrapCollectionHeaderView.swift in Sources */,
				FFCDF8592A5A817700C731A3 /* ScrapButton.swift in Sources */,
				FFA94D212A4F1D70009B034F /* BaseResponseType.swift in Sources */,
				FFD9DB032A7A6A600085B965 /* GamEmptyView.swift in Sources */,
				FFA94CD52A4F08EE009B034F /* Message.swift in Sources */,
				FFA94CF52A4F1AE2009B034F /* String+.swift in Sources */,
				FFCDF8512A5A78CC00C731A3 /* MagazineTableView.swift in Sources */,
				FFA706F52A5274A1003DF6A0 /* GamActivityIndicatorView.swift in Sources */,
				FFA94CF32A4F1AD6009B034F /* UIButton+.swift in Sources */,
				FFA94D082A4F1BAC009B034F /* UserInfo.swift in Sources */,
				FFCDF86A2A5AF84D00C731A3 /* MagazineDiscoverViewController.swift in Sources */,
				FFC733852A711472008B5054 /* UserPortfolioViewController.swift in Sources */,
				FFA7070F2A585194003DF6A0 /* TagCollectionView.swift in Sources */,
				FFCDF85E2A5A89D900C731A3 /* TagEntity.swift in Sources */,
				FFCDF87A2A5BE49600C731A3 /* RecentSearchEntity.swift in Sources */,
				FFA94CF92A4F1B26009B034F /* UIStackView+.swift in Sources */,
				FFC7338F2A717A64008B5054 /* PortfolioTableViewCell.swift in Sources */,
				FFD9DAFF2A7A5DA50085B965 /* MyPortfolioTableViewCell.swift in Sources */,
				FFC733812A710B6D008B5054 /* UserViewController.swift in Sources */,
				FFC7337C2A6FA8E5008B5054 /* GamSingleLineLabel.swift in Sources */,
				FFA94D1E2A4F1D4C009B034F /* BaseAPI.swift in Sources */,
			);
			runOnlyForDeploymentPostprocessing = 0;
		};
/* End PBXSourcesBuildPhase section */

/* Begin PBXVariantGroup section */
		FFA94CC22A4EF8CE009B034F /* LaunchScreen.storyboard */ = {
			isa = PBXVariantGroup;
			children = (
				FFA94CC32A4EF8CE009B034F /* Base */,
			);
			name = LaunchScreen.storyboard;
			sourceTree = "<group>";
		};
/* End PBXVariantGroup section */

/* Begin XCBuildConfiguration section */
		FFA94CC62A4EF8CE009B034F /* Debug */ = {
			isa = XCBuildConfiguration;
			baseConfigurationReference = FFCDF8472A5A4A2500C731A3 /* Debug.xcconfig */;
			buildSettings = {
				ALWAYS_SEARCH_USER_PATHS = NO;
				CLANG_ANALYZER_NONNULL = YES;
				CLANG_ANALYZER_NUMBER_OBJECT_CONVERSION = YES_AGGRESSIVE;
				CLANG_CXX_LANGUAGE_STANDARD = "gnu++20";
				CLANG_ENABLE_MODULES = YES;
				CLANG_ENABLE_OBJC_ARC = YES;
				CLANG_ENABLE_OBJC_WEAK = YES;
				CLANG_WARN_BLOCK_CAPTURE_AUTORELEASING = YES;
				CLANG_WARN_BOOL_CONVERSION = YES;
				CLANG_WARN_COMMA = YES;
				CLANG_WARN_CONSTANT_CONVERSION = YES;
				CLANG_WARN_DEPRECATED_OBJC_IMPLEMENTATIONS = YES;
				CLANG_WARN_DIRECT_OBJC_ISA_USAGE = YES_ERROR;
				CLANG_WARN_DOCUMENTATION_COMMENTS = YES;
				CLANG_WARN_EMPTY_BODY = YES;
				CLANG_WARN_ENUM_CONVERSION = YES;
				CLANG_WARN_INFINITE_RECURSION = YES;
				CLANG_WARN_INT_CONVERSION = YES;
				CLANG_WARN_NON_LITERAL_NULL_CONVERSION = YES;
				CLANG_WARN_OBJC_IMPLICIT_RETAIN_SELF = YES;
				CLANG_WARN_OBJC_LITERAL_CONVERSION = YES;
				CLANG_WARN_OBJC_ROOT_CLASS = YES_ERROR;
				CLANG_WARN_QUOTED_INCLUDE_IN_FRAMEWORK_HEADER = YES;
				CLANG_WARN_RANGE_LOOP_ANALYSIS = YES;
				CLANG_WARN_STRICT_PROTOTYPES = YES;
				CLANG_WARN_SUSPICIOUS_MOVE = YES;
				CLANG_WARN_UNGUARDED_AVAILABILITY = YES_AGGRESSIVE;
				CLANG_WARN_UNREACHABLE_CODE = YES;
				CLANG_WARN__DUPLICATE_METHOD_MATCH = YES;
				COPY_PHASE_STRIP = NO;
				DEBUG_INFORMATION_FORMAT = dwarf;
				ENABLE_STRICT_OBJC_MSGSEND = YES;
				ENABLE_TESTABILITY = YES;
				GCC_C_LANGUAGE_STANDARD = gnu11;
				GCC_DYNAMIC_NO_PIC = NO;
				GCC_NO_COMMON_BLOCKS = YES;
				GCC_OPTIMIZATION_LEVEL = 0;
				GCC_PREPROCESSOR_DEFINITIONS = (
					"DEBUG=1",
					"$(inherited)",
				);
				GCC_WARN_64_TO_32_BIT_CONVERSION = YES;
				GCC_WARN_ABOUT_RETURN_TYPE = YES_ERROR;
				GCC_WARN_UNDECLARED_SELECTOR = YES;
				GCC_WARN_UNINITIALIZED_AUTOS = YES_AGGRESSIVE;
				GCC_WARN_UNUSED_FUNCTION = YES;
				GCC_WARN_UNUSED_VARIABLE = YES;
				IPHONEOS_DEPLOYMENT_TARGET = 16.0;
				MTL_ENABLE_DEBUG_INFO = INCLUDE_SOURCE;
				MTL_FAST_MATH = YES;
				ONLY_ACTIVE_ARCH = YES;
				SDKROOT = iphoneos;
				SWIFT_ACTIVE_COMPILATION_CONDITIONS = DEBUG;
				SWIFT_OPTIMIZATION_LEVEL = "-Onone";
			};
			name = Debug;
		};
		FFA94CC72A4EF8CE009B034F /* Release */ = {
			isa = XCBuildConfiguration;
			baseConfigurationReference = FFCDF8482A5A4A2500C731A3 /* Release.xcconfig */;
			buildSettings = {
				ALWAYS_SEARCH_USER_PATHS = NO;
				CLANG_ANALYZER_NONNULL = YES;
				CLANG_ANALYZER_NUMBER_OBJECT_CONVERSION = YES_AGGRESSIVE;
				CLANG_CXX_LANGUAGE_STANDARD = "gnu++20";
				CLANG_ENABLE_MODULES = YES;
				CLANG_ENABLE_OBJC_ARC = YES;
				CLANG_ENABLE_OBJC_WEAK = YES;
				CLANG_WARN_BLOCK_CAPTURE_AUTORELEASING = YES;
				CLANG_WARN_BOOL_CONVERSION = YES;
				CLANG_WARN_COMMA = YES;
				CLANG_WARN_CONSTANT_CONVERSION = YES;
				CLANG_WARN_DEPRECATED_OBJC_IMPLEMENTATIONS = YES;
				CLANG_WARN_DIRECT_OBJC_ISA_USAGE = YES_ERROR;
				CLANG_WARN_DOCUMENTATION_COMMENTS = YES;
				CLANG_WARN_EMPTY_BODY = YES;
				CLANG_WARN_ENUM_CONVERSION = YES;
				CLANG_WARN_INFINITE_RECURSION = YES;
				CLANG_WARN_INT_CONVERSION = YES;
				CLANG_WARN_NON_LITERAL_NULL_CONVERSION = YES;
				CLANG_WARN_OBJC_IMPLICIT_RETAIN_SELF = YES;
				CLANG_WARN_OBJC_LITERAL_CONVERSION = YES;
				CLANG_WARN_OBJC_ROOT_CLASS = YES_ERROR;
				CLANG_WARN_QUOTED_INCLUDE_IN_FRAMEWORK_HEADER = YES;
				CLANG_WARN_RANGE_LOOP_ANALYSIS = YES;
				CLANG_WARN_STRICT_PROTOTYPES = YES;
				CLANG_WARN_SUSPICIOUS_MOVE = YES;
				CLANG_WARN_UNGUARDED_AVAILABILITY = YES_AGGRESSIVE;
				CLANG_WARN_UNREACHABLE_CODE = YES;
				CLANG_WARN__DUPLICATE_METHOD_MATCH = YES;
				COPY_PHASE_STRIP = NO;
				DEBUG_INFORMATION_FORMAT = "dwarf-with-dsym";
				ENABLE_NS_ASSERTIONS = NO;
				ENABLE_STRICT_OBJC_MSGSEND = YES;
				GCC_C_LANGUAGE_STANDARD = gnu11;
				GCC_NO_COMMON_BLOCKS = YES;
				GCC_WARN_64_TO_32_BIT_CONVERSION = YES;
				GCC_WARN_ABOUT_RETURN_TYPE = YES_ERROR;
				GCC_WARN_UNDECLARED_SELECTOR = YES;
				GCC_WARN_UNINITIALIZED_AUTOS = YES_AGGRESSIVE;
				GCC_WARN_UNUSED_FUNCTION = YES;
				GCC_WARN_UNUSED_VARIABLE = YES;
				IPHONEOS_DEPLOYMENT_TARGET = 16.0;
				MTL_ENABLE_DEBUG_INFO = NO;
				MTL_FAST_MATH = YES;
				SDKROOT = iphoneos;
				SWIFT_COMPILATION_MODE = wholemodule;
				SWIFT_OPTIMIZATION_LEVEL = "-O";
				VALIDATE_PRODUCT = YES;
			};
			name = Release;
		};
		FFA94CC92A4EF8CE009B034F /* Debug */ = {
			isa = XCBuildConfiguration;
			baseConfigurationReference = FFCDF8472A5A4A2500C731A3 /* Debug.xcconfig */;
			buildSettings = {
				ASSETCATALOG_COMPILER_APPICON_NAME = AppIcon;
				ASSETCATALOG_COMPILER_GLOBAL_ACCENT_COLOR_NAME = AccentColor;
				CODE_SIGN_STYLE = Automatic;
				CURRENT_PROJECT_VERSION = 1;
				DEVELOPMENT_TEAM = N4RT4KGQK9;
				GENERATE_INFOPLIST_FILE = YES;
				INFOPLIST_FILE = GAM/Plists/Info.plist;
				INFOPLIST_KEY_CFBundleDisplayName = "${APP_NAME}";
				INFOPLIST_KEY_UIApplicationSupportsIndirectInputEvents = YES;
				INFOPLIST_KEY_UILaunchStoryboardName = LaunchScreen;
				INFOPLIST_KEY_UIMainStoryboardFile = "";
				INFOPLIST_KEY_UISupportedInterfaceOrientations = UIInterfaceOrientationPortrait;
				INFOPLIST_KEY_UIUserInterfaceStyle = Light;
				IPHONEOS_DEPLOYMENT_TARGET = 16.0;
				LD_RUNPATH_SEARCH_PATHS = (
					"$(inherited)",
					"@executable_path/Frameworks",
				);
				MARKETING_VERSION = 1.0.0;
				PRODUCT_BUNDLE_IDENTIFIER = com.madilyn.GAM;
				PRODUCT_NAME = "$(TARGET_NAME)";
				SWIFT_EMIT_LOC_STRINGS = YES;
				SWIFT_VERSION = 5.0;
				TARGETED_DEVICE_FAMILY = "1,2";
			};
			name = Debug;
		};
		FFA94CCA2A4EF8CE009B034F /* Release */ = {
			isa = XCBuildConfiguration;
			baseConfigurationReference = FFCDF8482A5A4A2500C731A3 /* Release.xcconfig */;
			buildSettings = {
				ASSETCATALOG_COMPILER_APPICON_NAME = AppIcon;
				ASSETCATALOG_COMPILER_GLOBAL_ACCENT_COLOR_NAME = AccentColor;
				CODE_SIGN_STYLE = Automatic;
				CURRENT_PROJECT_VERSION = 1;
				DEVELOPMENT_TEAM = N4RT4KGQK9;
				GENERATE_INFOPLIST_FILE = YES;
				INFOPLIST_FILE = GAM/Plists/Info.plist;
				INFOPLIST_KEY_CFBundleDisplayName = "${APP_NAME}";
				INFOPLIST_KEY_UIApplicationSupportsIndirectInputEvents = YES;
				INFOPLIST_KEY_UILaunchStoryboardName = LaunchScreen;
				INFOPLIST_KEY_UIMainStoryboardFile = "";
				INFOPLIST_KEY_UISupportedInterfaceOrientations = UIInterfaceOrientationPortrait;
				INFOPLIST_KEY_UIUserInterfaceStyle = Light;
				IPHONEOS_DEPLOYMENT_TARGET = 16.0;
				LD_RUNPATH_SEARCH_PATHS = (
					"$(inherited)",
					"@executable_path/Frameworks",
				);
				MARKETING_VERSION = 1.0.0;
				PRODUCT_BUNDLE_IDENTIFIER = com.madilyn.GAM;
				PRODUCT_NAME = "$(TARGET_NAME)";
				SWIFT_EMIT_LOC_STRINGS = YES;
				SWIFT_VERSION = 5.0;
				TARGETED_DEVICE_FAMILY = "1,2";
			};
			name = Release;
		};
/* End XCBuildConfiguration section */

/* Begin XCConfigurationList section */
		FFA94CAF2A4EF8CD009B034F /* Build configuration list for PBXProject "GAM" */ = {
			isa = XCConfigurationList;
			buildConfigurations = (
				FFA94CC62A4EF8CE009B034F /* Debug */,
				FFA94CC72A4EF8CE009B034F /* Release */,
			);
			defaultConfigurationIsVisible = 0;
			defaultConfigurationName = Release;
		};
		FFA94CC82A4EF8CE009B034F /* Build configuration list for PBXNativeTarget "GAM" */ = {
			isa = XCConfigurationList;
			buildConfigurations = (
				FFA94CC92A4EF8CE009B034F /* Debug */,
				FFA94CCA2A4EF8CE009B034F /* Release */,
			);
			defaultConfigurationIsVisible = 0;
			defaultConfigurationName = Release;
		};
/* End XCConfigurationList section */

/* Begin XCRemoteSwiftPackageReference section */
		FFA706E42A4F318F003DF6A0 /* XCRemoteSwiftPackageReference "RxSwiftExt" */ = {
			isa = XCRemoteSwiftPackageReference;
			repositoryURL = "https://github.com/RxSwiftCommunity/RxSwiftExt";
			requirement = {
				kind = upToNextMajorVersion;
				minimumVersion = 6.0.0;
			};
		};
		FFA7071A2A59A94E003DF6A0 /* XCRemoteSwiftPackageReference "kakao-ios-sdk" */ = {
			isa = XCRemoteSwiftPackageReference;
			repositoryURL = "https://github.com/kakao/kakao-ios-sdk";
			requirement = {
				kind = upToNextMajorVersion;
				minimumVersion = 2.0.0;
			};
		};
		FFA94D302A4F1FCE009B034F /* XCRemoteSwiftPackageReference "SnapKit" */ = {
			isa = XCRemoteSwiftPackageReference;
			repositoryURL = "https://github.com/SnapKit/SnapKit.git";
			requirement = {
				kind = upToNextMajorVersion;
				minimumVersion = 5.0.0;
			};
		};
		FFA94D332A4F1FF5009B034F /* XCRemoteSwiftPackageReference "RxSwift" */ = {
			isa = XCRemoteSwiftPackageReference;
			repositoryURL = "https://github.com/ReactiveX/RxSwift.git";
			requirement = {
				kind = upToNextMajorVersion;
				minimumVersion = 6.0.0;
			};
		};
		FFA94D382A4F2167009B034F /* XCRemoteSwiftPackageReference "Moya" */ = {
			isa = XCRemoteSwiftPackageReference;
			repositoryURL = "https://github.com/Moya/Moya.git";
			requirement = {
				kind = upToNextMajorVersion;
				minimumVersion = 15.0.0;
			};
		};
/* End XCRemoteSwiftPackageReference section */

/* Begin XCSwiftPackageProductDependency section */
		FFA706E52A4F318F003DF6A0 /* RxSwiftExt */ = {
			isa = XCSwiftPackageProductDependency;
			package = FFA706E42A4F318F003DF6A0 /* XCRemoteSwiftPackageReference "RxSwiftExt" */;
			productName = RxSwiftExt;
		};
		FFA7071B2A59A94E003DF6A0 /* KakaoSDKAuth */ = {
			isa = XCSwiftPackageProductDependency;
			package = FFA7071A2A59A94E003DF6A0 /* XCRemoteSwiftPackageReference "kakao-ios-sdk" */;
			productName = KakaoSDKAuth;
		};
		FFA7071D2A59A94E003DF6A0 /* KakaoSDKCommon */ = {
			isa = XCSwiftPackageProductDependency;
			package = FFA7071A2A59A94E003DF6A0 /* XCRemoteSwiftPackageReference "kakao-ios-sdk" */;
			productName = KakaoSDKCommon;
		};
		FFA7071F2A59A94E003DF6A0 /* KakaoSDKUser */ = {
			isa = XCSwiftPackageProductDependency;
			package = FFA7071A2A59A94E003DF6A0 /* XCRemoteSwiftPackageReference "kakao-ios-sdk" */;
			productName = KakaoSDKUser;
		};
		FFA94D312A4F1FCE009B034F /* SnapKit */ = {
			isa = XCSwiftPackageProductDependency;
			package = FFA94D302A4F1FCE009B034F /* XCRemoteSwiftPackageReference "SnapKit" */;
			productName = SnapKit;
		};
		FFA94D342A4F1FF5009B034F /* RxCocoa */ = {
			isa = XCSwiftPackageProductDependency;
			package = FFA94D332A4F1FF5009B034F /* XCRemoteSwiftPackageReference "RxSwift" */;
			productName = RxCocoa;
		};
		FFA94D362A4F1FF5009B034F /* RxSwift */ = {
			isa = XCSwiftPackageProductDependency;
			package = FFA94D332A4F1FF5009B034F /* XCRemoteSwiftPackageReference "RxSwift" */;
			productName = RxSwift;
		};
		FFA94D392A4F2167009B034F /* Moya */ = {
			isa = XCSwiftPackageProductDependency;
			package = FFA94D382A4F2167009B034F /* XCRemoteSwiftPackageReference "Moya" */;
			productName = Moya;
		};
/* End XCSwiftPackageProductDependency section */
	};
	rootObject = FFA94CAC2A4EF8CD009B034F /* Project object */;
}
